// !$*UTF8*$!
{
	archiveVersion = 1;
	classes = {
	};
	objectVersion = 77;
	objects = {

/* Begin PBXBuildFile section */
		01E26AB1CB793D384B5C7300 /* UndoNoticeView.swift in Sources */ = {isa = PBXBuildFile; fileRef = 548862DE416451002EBB3C1F /* UndoNoticeView.swift */; };
		020FC5F4D626FA3D9FEC35D0 /* MessageWebView.swift in Sources */ = {isa = PBXBuildFile; fileRef = 1CD3817AE3B32FC2F3B89845 /* MessageWebView.swift */; };
		0665BDF0CA8EA8B79ED06F61 /* ReaderTests.swift in Sources */ = {isa = PBXBuildFile; fileRef = FDAEE7BA4E6152A7714BD298 /* ReaderTests.swift */; };
		086E815909ECAC5832721F96 /* DesignTests.swift in Sources */ = {isa = PBXBuildFile; fileRef = A1FA403B0E890A2F61D2E8BC /* DesignTests.swift */; };
		09E1222C5F71DD1FAD0411C8 /* ThreadWindow.swift in Sources */ = {isa = PBXBuildFile; fileRef = 614E12523CE68610CC7D5C14 /* ThreadWindow.swift */; };
		0C3A1E2BB1395CFE3826E5C0 /* SchemeHandlers.swift in Sources */ = {isa = PBXBuildFile; fileRef = 11B84FAD449704789E8707C7 /* SchemeHandlers.swift */; };
		116A2EC55EB66E0F8E5ACCF0 /* SettingsView.swift in Sources */ = {isa = PBXBuildFile; fileRef = E4C676A513B753ECEBB6FF97 /* SettingsView.swift */; };
		128E02DDE73BAE2DEF77E3DF /* DueDay.swift in Sources */ = {isa = PBXBuildFile; fileRef = 8B1980692C7F9190146DE301 /* DueDay.swift */; };
		169E901DDE62D2B0DE7DEF3F /* ComposerTests.swift in Sources */ = {isa = PBXBuildFile; fileRef = 0853C589261B9BC5E99D0106 /* ComposerTests.swift */; };
		16A834C86559A500A03CD574 /* ComposerAssistant.swift in Sources */ = {isa = PBXBuildFile; fileRef = 045C8138124940FF93D5F90B /* ComposerAssistant.swift */; };
		16F271E116BA5AD078A38B81 /* DraftClient.swift in Sources */ = {isa = PBXBuildFile; fileRef = 00C8234BE90C43AB48FCA078 /* DraftClient.swift */; };
		1970C5710634017B9B3E926B /* CoreClientTests.swift in Sources */ = {isa = PBXBuildFile; fileRef = 6EA889A74036D5319EED2E94 /* CoreClientTests.swift */; };
		19B0A731E8F5C40EA437828C /* ComposerHTML.swift in Sources */ = {isa = PBXBuildFile; fileRef = AF46AFEDFFFF3F8D14FFDF02 /* ComposerHTML.swift */; };
		1CFC767DC485D2BD803BE144 /* SyncDebuggerTests.swift in Sources */ = {isa = PBXBuildFile; fileRef = EC0913B609E033D24E8FB9A3 /* SyncDebuggerTests.swift */; };
		1EE4D994E6332B9D2D7B1772 /* SidebarView.swift in Sources */ = {isa = PBXBuildFile; fileRef = A65BAFCB0A37F91E630541F2 /* SidebarView.swift */; };
		216E07D01A157F0BCAAB350D /* AgentSuggestionTests.swift in Sources */ = {isa = PBXBuildFile; fileRef = AD34CB7C1FA0DB564F8F5DC1 /* AgentSuggestionTests.swift */; };
		22FED86B0464F6B629120D6E /* SidebarTreeTests.swift in Sources */ = {isa = PBXBuildFile; fileRef = BB39A16B1137A564FA4C32FD /* SidebarTreeTests.swift */; };
		23F77D5789CFA8F3CBE1F3D0 /* GoogleOAuth.plist in Resources */ = {isa = PBXBuildFile; fileRef = 19F04E00E0E6BE9B7678CEDB /* GoogleOAuth.plist */; };
		24C211EEAB25BC61A3BB4F70 /* MailReadTests.swift in Sources */ = {isa = PBXBuildFile; fileRef = 7491CD8B391923F8E19F565D /* MailReadTests.swift */; };
		277A64612543D96AB16DA154 /* OnboardingTests.swift in Sources */ = {isa = PBXBuildFile; fileRef = 56136D185C680F33C31C33A6 /* OnboardingTests.swift */; };
		290545266B859DE81481C714 /* Snapshot.swift in Sources */ = {isa = PBXBuildFile; fileRef = 662ED4D20063A892C72301EF /* Snapshot.swift */; };
		2D0D0324CD5B8C0B57B55A0D /* AgentSuggestions.swift in Sources */ = {isa = PBXBuildFile; fileRef = 518CBF5035A38D8D0D16499C /* AgentSuggestions.swift */; };
		2E16834C01A31E6C6CB6D4BE /* TaskDoneDialog.swift in Sources */ = {isa = PBXBuildFile; fileRef = A0EC7D80ED73FC741D5DBAEA /* TaskDoneDialog.swift */; };
		3157AC86805032982564725B /* SyncDebuggerView.swift in Sources */ = {isa = PBXBuildFile; fileRef = C6AF53B3D3F46C3B31646E28 /* SyncDebuggerView.swift */; };
		319185B7856E5D37CAB6C52A /* PerformanceTests.swift in Sources */ = {isa = PBXBuildFile; fileRef = 4372C03A0DB7F78DF414F892 /* PerformanceTests.swift */; };
		3383C90F028074A9FDD81433 /* GoogleClientConfiguration.swift in Sources */ = {isa = PBXBuildFile; fileRef = 33717E284E8BBBD24A611B4F /* GoogleClientConfiguration.swift */; };
		366FA0C92B6526C208B62372 /* LabelPickerTests.swift in Sources */ = {isa = PBXBuildFile; fileRef = BD60D05E2A25A84E52603E5F /* LabelPickerTests.swift */; };
		36A454FB046BB704125EF7F3 /* CoreClient.swift in Sources */ = {isa = PBXBuildFile; fileRef = DE83811F68C4EBD9E870E49B /* CoreClient.swift */; };
		3B54B418F1F02F8184CDE2B6 /* TipTests.swift in Sources */ = {isa = PBXBuildFile; fileRef = 37F9C0A836B2EBB9EAE9DA82 /* TipTests.swift */; };
		3B95337114DDC3417F4D4D5D /* GuideInterview.swift in Sources */ = {isa = PBXBuildFile; fileRef = D5EB793CBF311E2EE4B99110 /* GuideInterview.swift */; };
		3C19900E173BC0FE5EB17A0F /* MergeGuideSheet.swift in Sources */ = {isa = PBXBuildFile; fileRef = 340A7465144731D60D98AC7C /* MergeGuideSheet.swift */; };
		3CFA63FC5E129133E7001146 /* KeychainSecretStore.swift in Sources */ = {isa = PBXBuildFile; fileRef = CD2ED5356A1BBFFEABB704F9 /* KeychainSecretStore.swift */; };
		3D209E9A5161913A2BFD1C6A /* RoutinesWindow.swift in Sources */ = {isa = PBXBuildFile; fileRef = 190E7BE352B8FB1A5BC8078E /* RoutinesWindow.swift */; };
		403EB3F17C39C0781B552172 /* Components.swift in Sources */ = {isa = PBXBuildFile; fileRef = 282C65C46EFBD9CE2DB7AE30 /* Components.swift */; };
		41F36E445C76099104FF1BD8 /* CategoryTabTests.swift in Sources */ = {isa = PBXBuildFile; fileRef = 3099D543330783FF161C148F /* CategoryTabTests.swift */; };
		4203D60C0EB77CC6D7DEF253 /* Tokens.swift in Sources */ = {isa = PBXBuildFile; fileRef = 59E288D150328C8BC8F1B8D1 /* Tokens.swift */; };
		4B30B25AE957C2C75F0AC0FE /* Updater.swift in Sources */ = {isa = PBXBuildFile; fileRef = FFD9EA8BFD3CDA270CCB8109 /* Updater.swift */; };
		4BBB2B43CEEF1AFA6C20B2D3 /* AttachmentTests.swift in Sources */ = {isa = PBXBuildFile; fileRef = 99F36E7595DF6E9B290AE189 /* AttachmentTests.swift */; };
		4BDBFCA9AB0E6E20DC8E6EA0 /* AppShellTests.swift in Sources */ = {isa = PBXBuildFile; fileRef = AE47B2F1BDB2A00655547EA9 /* AppShellTests.swift */; };
		4CE51440690817A4081731E3 /* RoutineTests.swift in Sources */ = {isa = PBXBuildFile; fileRef = CEACE15E5A6BE04DA48CAEFA /* RoutineTests.swift */; };
		4DE6F7DDC3EC6F1659BF67C9 /* TaskTests.swift in Sources */ = {isa = PBXBuildFile; fileRef = 8C475FED0B840B75D9F5A9B0 /* TaskTests.swift */; };
		4FF62FFF28E05444455223CB /* NewMailNotifier.swift in Sources */ = {isa = PBXBuildFile; fileRef = BB9494AAF5D25AD46911AD35 /* NewMailNotifier.swift */; };
		52C50FA74D030254CC4286C7 /* Tips.swift in Sources */ = {isa = PBXBuildFile; fileRef = 50B962447EBAA57EEF146039 /* Tips.swift */; };
		575CCF37632BC837AF045863 /* AccountAvatarTests.swift in Sources */ = {isa = PBXBuildFile; fileRef = 2765848DA211F359D74EF196 /* AccountAvatarTests.swift */; };
		58BD5F9A51D3C6CECFB92D99 /* Sparkle in Frameworks */ = {isa = PBXBuildFile; productRef = 2EC399F550012292CEA80ACA /* Sparkle */; };
		5983A19ACD9796ACFA5E19D5 /* AppModel.swift in Sources */ = {isa = PBXBuildFile; fileRef = AB3DFF446CD804B9EB7984C8 /* AppModel.swift */; };
		5B0A5DCF9D0FD3FD98546742 /* AccountSwitchTests.swift in Sources */ = {isa = PBXBuildFile; fileRef = 04F1A33FDE9F24E15210C90A /* AccountSwitchTests.swift */; };
		5B46B10F9F1F0A62C90200A2 /* AppModel+Guide.swift in Sources */ = {isa = PBXBuildFile; fileRef = 7F31887B3B0CDC339E3EB92E /* AppModel+Guide.swift */; };
		5C5F0BC8DDAC7E061945E26F /* Assets.xcassets in Resources */ = {isa = PBXBuildFile; fileRef = 9B2ED3B92D6E529688C7C31B /* Assets.xcassets */; };
		5DAD4D28F079583BBC9786C5 /* AgentActivity.swift in Sources */ = {isa = PBXBuildFile; fileRef = BCFF65E7B155CD0037BA6A5B /* AgentActivity.swift */; };
		609C5D3ADC22861BD5BD958E /* TaskSuggester.swift in Sources */ = {isa = PBXBuildFile; fileRef = A87408B632453437C40B6BA3 /* TaskSuggester.swift */; };
		691D6124014BCD1F910B8B27 /* OnboardingView.swift in Sources */ = {isa = PBXBuildFile; fileRef = 26F65D12222A0363EDB8FFE0 /* OnboardingView.swift */; };
		69662C039B9C1E122F754EDE /* ComposerView.swift in Sources */ = {isa = PBXBuildFile; fileRef = 2A5694ECC8EA36F2A4119F98 /* ComposerView.swift */; };
		6970CB34DB11FB6191DDD395 /* InboxCategories.swift in Sources */ = {isa = PBXBuildFile; fileRef = E37D8F4A094C1AC18DB808DC /* InboxCategories.swift */; };
		6ACB449680E2C76A02262484 /* AppModel+Tasks.swift in Sources */ = {isa = PBXBuildFile; fileRef = BE0D26F833C2199E4C16795D /* AppModel+Tasks.swift */; };
		6F0DEB707ABBB25DA5066D0D /* openagc_core.swift in Sources */ = {isa = PBXBuildFile; fileRef = A3ECF1113029DF896EFBDA03 /* openagc_core.swift */; };
		6FD0B155169950868B0E2D83 /* ImportMailbox.swift in Sources */ = {isa = PBXBuildFile; fileRef = 9FCBE0C4FC7F267DC74AB18D /* ImportMailbox.swift */; };
		70D4EC96D9BC0BC67EAE0885 /* AgentSettings.swift in Sources */ = {isa = PBXBuildFile; fileRef = 7DFBC630572AC27DA6ED8285 /* AgentSettings.swift */; };
		710081AB6EAF380590EA91BF /* EmailDocument.swift in Sources */ = {isa = PBXBuildFile; fileRef = 6407F10744C6609C6D77A3E9 /* EmailDocument.swift */; };
		72B799A4785C73464A0783BC /* AgentSettingsTests.swift in Sources */ = {isa = PBXBuildFile; fileRef = 6106757A4B6B179819362741 /* AgentSettingsTests.swift */; };
		73F5C2F69C703EED929AAA94 /* LinkSafety.swift in Sources */ = {isa = PBXBuildFile; fileRef = 0F2806227B342184B9664E7D /* LinkSafety.swift */; };
		751F75594BDFE0DB89944569 /* OpenAGCApp.swift in Sources */ = {isa = PBXBuildFile; fileRef = 88FDA6A53B22BE15E4B5B603 /* OpenAGCApp.swift */; };
		77B3B3168E8CB3B3135A1612 /* ListFilterTests.swift in Sources */ = {isa = PBXBuildFile; fileRef = A6A5BA2DB76BB7475F5832B8 /* ListFilterTests.swift */; };
		79D089313B823566456CDFBD /* LabelTree.swift in Sources */ = {isa = PBXBuildFile; fileRef = BCCFF907D89AAA9F8298A38B /* LabelTree.swift */; };
		7ADB97840B40A1C13F3A9D87 /* ComposerAssistantTests.swift in Sources */ = {isa = PBXBuildFile; fileRef = 118671237C043C8CFF6F33F0 /* ComposerAssistantTests.swift */; };
		7E970B4006C6E0C0A357D7F9 /* Surfaces.swift in Sources */ = {isa = PBXBuildFile; fileRef = FD3B3A87D30B9F0CCE202CA9 /* Surfaces.swift */; };
		811777EA688C118B1FB1A60D /* GuideStore.swift in Sources */ = {isa = PBXBuildFile; fileRef = F948B54558F221088FD3447F /* GuideStore.swift */; };
		85A5FF7E4C75ADA9A10AF03E /* GuideTests.swift in Sources */ = {isa = PBXBuildFile; fileRef = 9F1AC3BAB2B7AD0F84B139D5 /* GuideTests.swift */; };
		8AE4FC81B09805EFF46AE738 /* ActionTests.swift in Sources */ = {isa = PBXBuildFile; fileRef = ACA440AC1C73AD0A9E18E993 /* ActionTests.swift */; };
		8BCA879DA87A93071503AFD8 /* OpenAGCCore.framework in Frameworks */ = {isa = PBXBuildFile; fileRef = 24AC691869E94971A95182AF /* OpenAGCCore.framework */; };
		91D20775BFA386637A3B30D4 /* LabelTreeTests.swift in Sources */ = {isa = PBXBuildFile; fileRef = 0C8A5AC940824CF40F0B058F /* LabelTreeTests.swift */; };
		936F90444AC202FD05E01DE6 /* NotificationTests.swift in Sources */ = {isa = PBXBuildFile; fileRef = C869C66EBC8340DA185D26D9 /* NotificationTests.swift */; };
		9975C69AAFFCD9AD909C4275 /* MenuTests.swift in Sources */ = {isa = PBXBuildFile; fileRef = EC1B952488DEE5A94BB9D8BF /* MenuTests.swift */; };
		9AFD2006E7CC41E471932A6F /* TaskListStore.swift in Sources */ = {isa = PBXBuildFile; fileRef = 30E76B5CB7759AE57FCB348E /* TaskListStore.swift */; };
		9B11BCAE65ABE713E3F20AC7 /* AccountAvatar.swift in Sources */ = {isa = PBXBuildFile; fileRef = 331D2F57E10A1874F6103AFF /* AccountAvatar.swift */; };
		9CC3AECF8DB746BF967161B7 /* KeychainTests.swift in Sources */ = {isa = PBXBuildFile; fileRef = 700730FD7CE20073EC4E05F4 /* KeychainTests.swift */; };
		9EA6082C5120AB0A63AA34E5 /* ArchiveAccountTests.swift in Sources */ = {isa = PBXBuildFile; fileRef = 813AFF04D4AA06CBAF57266A /* ArchiveAccountTests.swift */; };
		9FFC9C25E00FF8B822E44CB9 /* GuideView.swift in Sources */ = {isa = PBXBuildFile; fileRef = 18F0249A501C89A849A51705 /* GuideView.swift */; };
		A183D5AC94021A65ABDCCBDD /* ComposerStore.swift in Sources */ = {isa = PBXBuildFile; fileRef = C05AE95A75189A1675986338 /* ComposerStore.swift */; };
		A469FDD2983D0CFA9FBD5AB6 /* RecipientField.swift in Sources */ = {isa = PBXBuildFile; fileRef = 8ABFBCC58A855BB41D27E0B4 /* RecipientField.swift */; };
		A4A20FA8D51236C1AD565F6D /* TaskListView.swift in Sources */ = {isa = PBXBuildFile; fileRef = 15F8DEBC281B735D98308AF6 /* TaskListView.swift */; };
		A63769C5AD66664F34653DEE /* AccountMenu.swift in Sources */ = {isa = PBXBuildFile; fileRef = 0ECC21C8EFCB7A1F70BD6BF9 /* AccountMenu.swift */; };
		A64492AC04FB122343BA17D2 /* AttachmentStrip.swift in Sources */ = {isa = PBXBuildFile; fileRef = 033CF7C15494E30BC67D425A /* AttachmentStrip.swift */; };
		A64A7763E4FB1E04B0DDBB85 /* LearnSheet.swift in Sources */ = {isa = PBXBuildFile; fileRef = F29EE263B741DE6C936C9E2B /* LearnSheet.swift */; };
		A67D0A6156AB71A08D7ABBAC /* ThreadReaderView.swift in Sources */ = {isa = PBXBuildFile; fileRef = 301600435566D43C1065E680 /* ThreadReaderView.swift */; };
		AB0A75C26EE77D8683A01474 /* SearchTests.swift in Sources */ = {isa = PBXBuildFile; fileRef = D5D8587064562266E1C5E1DC /* SearchTests.swift */; };
		AC828BE403824E10996A8DC8 /* RoutineModel.swift in Sources */ = {isa = PBXBuildFile; fileRef = 4E9589E376D0608FB13DD219 /* RoutineModel.swift */; };
		ACA4618DFA7FBAF468B9AF9C /* OpenAGCCore.framework in Embed Frameworks */ = {isa = PBXBuildFile; fileRef = 24AC691869E94971A95182AF /* OpenAGCCore.framework */; settings = {ATTRIBUTES = (CodeSignOnCopy, RemoveHeadersOnCopy, ); }; };
		AD27EE50163E92CA36ED0A73 /* GuidePrompt.swift in Sources */ = {isa = PBXBuildFile; fileRef = 090449905496D5304469D855 /* GuidePrompt.swift */; };
		AD2C4E55FC6F0A17CCD71C7C /* TaskSettings.swift in Sources */ = {isa = PBXBuildFile; fileRef = A37A35E8490CA1B5A41B9410 /* TaskSettings.swift */; };
		B0F9127F48B25962A0D3E324 /* AgentFFITests.swift in Sources */ = {isa = PBXBuildFile; fileRef = BE6FF06BED85F5FE72CF32A5 /* AgentFFITests.swift */; };
		B2F035E69CB0D6421F8A763E /* AgentPanelTests.swift in Sources */ = {isa = PBXBuildFile; fileRef = 90CE9D77767388614457FBCE /* AgentPanelTests.swift */; };
		B453F38BECAF82D76E2FE0BF /* AppModelTests.swift in Sources */ = {isa = PBXBuildFile; fileRef = 83C030F70A3EC9DE875D6F6C /* AppModelTests.swift */; };
		B46DC7164B626E812E646EDE /* ThreadListView.swift in Sources */ = {isa = PBXBuildFile; fileRef = 5D0633FEBD199D3028E73DAA /* ThreadListView.swift */; };
		B739287D44855F0E839EDAB4 /* AppDelegate.swift in Sources */ = {isa = PBXBuildFile; fileRef = 3D8D9EFB8321E02452EFCF26 /* AppDelegate.swift */; };
		B79B36EDE217EE06866A9F40 /* MailUndo.swift in Sources */ = {isa = PBXBuildFile; fileRef = 04D52F53D78AD39AD9664700 /* MailUndo.swift */; };
		C9F5E1202A2849397390D3AC /* MailboxStore.swift in Sources */ = {isa = PBXBuildFile; fileRef = BD6458B52C0ABAB8AED1A828 /* MailboxStore.swift */; };
		CB74E21E4FDF9E9140826A70 /* AgentStore.swift in Sources */ = {isa = PBXBuildFile; fileRef = 17B53574C86CCC4F40FC00A1 /* AgentStore.swift */; };
		CC89EB36D485FE29C268F72A /* ThreadRowView.swift in Sources */ = {isa = PBXBuildFile; fileRef = CF32A9AE2D35843656097005 /* ThreadRowView.swift */; };
		CEF57777D11FBA73B69E0328 /* InterviewSheet.swift in Sources */ = {isa = PBXBuildFile; fileRef = 50741EBE28CA752FB58116F8 /* InterviewSheet.swift */; };
		CF4F91CC076301CA21FE2C86 /* AgentPanel.swift in Sources */ = {isa = PBXBuildFile; fileRef = 7AFC64B77AEDD827390E1C08 /* AgentPanel.swift */; };
		D6E08EA9EAAE6A740E84FB05 /* TaskDialog.swift in Sources */ = {isa = PBXBuildFile; fileRef = 12119B6B5E72875BDA8E5C10 /* TaskDialog.swift */; };
		D8B9D29E5D5F15BCAF819FB9 /* LabelPicker.swift in Sources */ = {isa = PBXBuildFile; fileRef = E7851B97C95FA512DB3CEF19 /* LabelPicker.swift */; };
		D9974F0610B1100DD537D0A5 /* ThreadListStore.swift in Sources */ = {isa = PBXBuildFile; fileRef = A751B74E9626A3A08F4D905F /* ThreadListStore.swift */; };
		D9D7C636BB9415D3857A891E /* UpdaterTests.swift in Sources */ = {isa = PBXBuildFile; fileRef = F3FE3957640F5FB9A22D3965 /* UpdaterTests.swift */; };
		DA5FB6BABA7700BB5A21EFA0 /* GuideAudiences.swift in Sources */ = {isa = PBXBuildFile; fileRef = 79E355DC34494451275B9699 /* GuideAudiences.swift */; };
		DB3DC4EECF705D9820BC3B1E /* RichTextEditor.swift in Sources */ = {isa = PBXBuildFile; fileRef = D24E3C75C954D3F4970670D2 /* RichTextEditor.swift */; };
		DC0A64AF7A98D3161548C79D /* GuideEntryEditor.swift in Sources */ = {isa = PBXBuildFile; fileRef = 93C7A6A37E38A82DB0A1B08D /* GuideEntryEditor.swift */; };
		DD32FB186EAB5F8A98110A01 /* MainWindow.swift in Sources */ = {isa = PBXBuildFile; fileRef = 9036B10AEDC12CF3CF3416BD /* MainWindow.swift */; };
		DDDC17F9FCF6F1E7462D3B7D /* UndoTests.swift in Sources */ = {isa = PBXBuildFile; fileRef = 66E8DBF47559E5EC82041284 /* UndoTests.swift */; };
		DF53A7536F3E679277D3C187 /* BulkTaskSheet.swift in Sources */ = {isa = PBXBuildFile; fileRef = 7CD73699F481A160A310E527 /* BulkTaskSheet.swift */; };
		E44E3F9A96EE57A2B8F018CF /* KeyboardShortcuts.swift in Sources */ = {isa = PBXBuildFile; fileRef = 1CF9BB1ABE76E11F4305E525 /* KeyboardShortcuts.swift */; };
		E65B21770ED2B172D35054C7 /* SyncStatusView.swift in Sources */ = {isa = PBXBuildFile; fileRef = A5846BE9A95C68C7383B2B7C /* SyncStatusView.swift */; };
		E6C0C4D4E44A1BE9838F0FB8 /* RoutinesStore.swift in Sources */ = {isa = PBXBuildFile; fileRef = 0226B235AA4B7F4515359C61 /* RoutinesStore.swift */; };
		E84BD27D7D2BF39707A7E276 /* AccountSettings.swift in Sources */ = {isa = PBXBuildFile; fileRef = 601938BEED9E6F66CF748199 /* AccountSettings.swift */; };
		E991FF75DB10C51B9C0451D9 /* GuideDetailView.swift in Sources */ = {isa = PBXBuildFile; fileRef = CA37C6A95F6AA5461FD7B016 /* GuideDetailView.swift */; };
		F1C67B7F56BB5793575AA7DB /* ReaderStore.swift in Sources */ = {isa = PBXBuildFile; fileRef = 46BFDFDE09CC5207A0A048D0 /* ReaderStore.swift */; };
		F270849A448CA16CDC060789 /* ComposerThreadPane.swift in Sources */ = {isa = PBXBuildFile; fileRef = 62CAA118064885B07120D8E9 /* ComposerThreadPane.swift */; };
		F55DCE790C44258F12C510F2 /* CoreEventTests.swift in Sources */ = {isa = PBXBuildFile; fileRef = FE0EEA46B16CBE10362B13CC /* CoreEventTests.swift */; };
		F65AA400F8604C8278AAF409 /* GuideDecisionsView.swift in Sources */ = {isa = PBXBuildFile; fileRef = 49C1A1D559658C07CBA5E7BD /* GuideDecisionsView.swift */; };
		F79978E7E6CDFE26B5F9C6D8 /* MessageToolbar.swift in Sources */ = {isa = PBXBuildFile; fileRef = 2A39D166713933009D25A50F /* MessageToolbar.swift */; };
		F9BBF95D9CBEC5F60BC4CD61 /* agent-system-prompt.md in Resources */ = {isa = PBXBuildFile; fileRef = 6D322E3E16D6E19FF3D99CBF /* agent-system-prompt.md */; };
		FBFD391BAE682DCFE3699329 /* ThreadWindowTests.swift in Sources */ = {isa = PBXBuildFile; fileRef = A359DD42E889393E2E037F58 /* ThreadWindowTests.swift */; };
		FCED07E1E5873247C4857005 /* ChangeGuideSheet.swift in Sources */ = {isa = PBXBuildFile; fileRef = 821CE82268E95C47F9C2419D /* ChangeGuideSheet.swift */; };
		FD569EAFC3413B0FA5121710 /* ListFilter.swift in Sources */ = {isa = PBXBuildFile; fileRef = 053AED4EA96D02AB9F26511F /* ListFilter.swift */; };
/* End PBXBuildFile section */

/* Begin PBXContainerItemProxy section */
		D2A0BA09A79B75550A4D007A /* PBXContainerItemProxy */ = {
			isa = PBXContainerItemProxy;
			containerPortal = 74D97FBC20E6E452C2351EE4 /* Project object */;
			proxyType = 1;
			remoteGlobalIDString = FC08343BF71E222A44041679;
			remoteInfo = OpenAGCCore;
		};
		FAD17EA64C72CD5EDF1ACFA2 /* PBXContainerItemProxy */ = {
			isa = PBXContainerItemProxy;
			containerPortal = 74D97FBC20E6E452C2351EE4 /* Project object */;
			proxyType = 1;
			remoteGlobalIDString = 982F5821420F29993571F6A2;
			remoteInfo = OpenAGC;
		};
/* End PBXContainerItemProxy section */

/* Begin PBXCopyFilesBuildPhase section */
		EAC3C6A66D600D8A512134C9 /* Embed Frameworks */ = {
			isa = PBXCopyFilesBuildPhase;
			buildActionMask = 2147483647;
			dstPath = "";
			dstSubfolderSpec = 10;
			files = (
				ACA4618DFA7FBAF468B9AF9C /* OpenAGCCore.framework in Embed Frameworks */,
			);
			name = "Embed Frameworks";
			runOnlyForDeploymentPostprocessing = 0;
		};
/* End PBXCopyFilesBuildPhase section */

/* Begin PBXFileReference section */
		00C8234BE90C43AB48FCA078 /* DraftClient.swift */ = {isa = PBXFileReference; lastKnownFileType = sourcecode.swift; path = DraftClient.swift; sourceTree = "<group>"; };
		0226B235AA4B7F4515359C61 /* RoutinesStore.swift */ = {isa = PBXFileReference; lastKnownFileType = sourcecode.swift; path = RoutinesStore.swift; sourceTree = "<group>"; };
		033CF7C15494E30BC67D425A /* AttachmentStrip.swift */ = {isa = PBXFileReference; lastKnownFileType = sourcecode.swift; path = AttachmentStrip.swift; sourceTree = "<group>"; };
		045C8138124940FF93D5F90B /* ComposerAssistant.swift */ = {isa = PBXFileReference; lastKnownFileType = sourcecode.swift; path = ComposerAssistant.swift; sourceTree = "<group>"; };
		04D52F53D78AD39AD9664700 /* MailUndo.swift */ = {isa = PBXFileReference; lastKnownFileType = sourcecode.swift; path = MailUndo.swift; sourceTree = "<group>"; };
		04F1A33FDE9F24E15210C90A /* AccountSwitchTests.swift */ = {isa = PBXFileReference; lastKnownFileType = sourcecode.swift; path = AccountSwitchTests.swift; sourceTree = "<group>"; };
		053AED4EA96D02AB9F26511F /* ListFilter.swift */ = {isa = PBXFileReference; lastKnownFileType = sourcecode.swift; path = ListFilter.swift; sourceTree = "<group>"; };
		0853C589261B9BC5E99D0106 /* ComposerTests.swift */ = {isa = PBXFileReference; lastKnownFileType = sourcecode.swift; path = ComposerTests.swift; sourceTree = "<group>"; };
		090449905496D5304469D855 /* GuidePrompt.swift */ = {isa = PBXFileReference; lastKnownFileType = sourcecode.swift; path = GuidePrompt.swift; sourceTree = "<group>"; };
		0C8A5AC940824CF40F0B058F /* LabelTreeTests.swift */ = {isa = PBXFileReference; lastKnownFileType = sourcecode.swift; path = LabelTreeTests.swift; sourceTree = "<group>"; };
		0ECC21C8EFCB7A1F70BD6BF9 /* AccountMenu.swift */ = {isa = PBXFileReference; lastKnownFileType = sourcecode.swift; path = AccountMenu.swift; sourceTree = "<group>"; };
		0F2806227B342184B9664E7D /* LinkSafety.swift */ = {isa = PBXFileReference; lastKnownFileType = sourcecode.swift; path = LinkSafety.swift; sourceTree = "<group>"; };
		118671237C043C8CFF6F33F0 /* ComposerAssistantTests.swift */ = {isa = PBXFileReference; lastKnownFileType = sourcecode.swift; path = ComposerAssistantTests.swift; sourceTree = "<group>"; };
		11B84FAD449704789E8707C7 /* SchemeHandlers.swift */ = {isa = PBXFileReference; lastKnownFileType = sourcecode.swift; path = SchemeHandlers.swift; sourceTree = "<group>"; };
		12119B6B5E72875BDA8E5C10 /* TaskDialog.swift */ = {isa = PBXFileReference; lastKnownFileType = sourcecode.swift; path = TaskDialog.swift; sourceTree = "<group>"; };
		15F8DEBC281B735D98308AF6 /* TaskListView.swift */ = {isa = PBXFileReference; lastKnownFileType = sourcecode.swift; path = TaskListView.swift; sourceTree = "<group>"; };
		17B53574C86CCC4F40FC00A1 /* AgentStore.swift */ = {isa = PBXFileReference; lastKnownFileType = sourcecode.swift; path = AgentStore.swift; sourceTree = "<group>"; };
		18F0249A501C89A849A51705 /* GuideView.swift */ = {isa = PBXFileReference; lastKnownFileType = sourcecode.swift; path = GuideView.swift; sourceTree = "<group>"; };
		190E7BE352B8FB1A5BC8078E /* RoutinesWindow.swift */ = {isa = PBXFileReference; lastKnownFileType = sourcecode.swift; path = RoutinesWindow.swift; sourceTree = "<group>"; };
		19F04E00E0E6BE9B7678CEDB /* GoogleOAuth.plist */ = {isa = PBXFileReference; lastKnownFileType = text.plist; path = GoogleOAuth.plist; sourceTree = "<group>"; };
		1CD3817AE3B32FC2F3B89845 /* MessageWebView.swift */ = {isa = PBXFileReference; lastKnownFileType = sourcecode.swift; path = MessageWebView.swift; sourceTree = "<group>"; };
		1CF9BB1ABE76E11F4305E525 /* KeyboardShortcuts.swift */ = {isa = PBXFileReference; lastKnownFileType = sourcecode.swift; path = KeyboardShortcuts.swift; sourceTree = "<group>"; };
		24AC691869E94971A95182AF /* OpenAGCCore.framework */ = {isa = PBXFileReference; explicitFileType = wrapper.framework; includeInIndex = 0; path = OpenAGCCore.framework; sourceTree = BUILT_PRODUCTS_DIR; };
		26F65D12222A0363EDB8FFE0 /* OnboardingView.swift */ = {isa = PBXFileReference; lastKnownFileType = sourcecode.swift; path = OnboardingView.swift; sourceTree = "<group>"; };
		2765848DA211F359D74EF196 /* AccountAvatarTests.swift */ = {isa = PBXFileReference; lastKnownFileType = sourcecode.swift; path = AccountAvatarTests.swift; sourceTree = "<group>"; };
		282C65C46EFBD9CE2DB7AE30 /* Components.swift */ = {isa = PBXFileReference; lastKnownFileType = sourcecode.swift; path = Components.swift; sourceTree = "<group>"; };
		2A39D166713933009D25A50F /* MessageToolbar.swift */ = {isa = PBXFileReference; lastKnownFileType = sourcecode.swift; path = MessageToolbar.swift; sourceTree = "<group>"; };
		2A5694ECC8EA36F2A4119F98 /* ComposerView.swift */ = {isa = PBXFileReference; lastKnownFileType = sourcecode.swift; path = ComposerView.swift; sourceTree = "<group>"; };
		2C8458B42683B1FC4F0EBB64 /* OpenAGC.app */ = {isa = PBXFileReference; explicitFileType = wrapper.application; includeInIndex = 0; path = OpenAGC.app; sourceTree = BUILT_PRODUCTS_DIR; };
		301600435566D43C1065E680 /* ThreadReaderView.swift */ = {isa = PBXFileReference; lastKnownFileType = sourcecode.swift; path = ThreadReaderView.swift; sourceTree = "<group>"; };
		3099D543330783FF161C148F /* CategoryTabTests.swift */ = {isa = PBXFileReference; lastKnownFileType = sourcecode.swift; path = CategoryTabTests.swift; sourceTree = "<group>"; };
		30E76B5CB7759AE57FCB348E /* TaskListStore.swift */ = {isa = PBXFileReference; lastKnownFileType = sourcecode.swift; path = TaskListStore.swift; sourceTree = "<group>"; };
		331D2F57E10A1874F6103AFF /* AccountAvatar.swift */ = {isa = PBXFileReference; lastKnownFileType = sourcecode.swift; path = AccountAvatar.swift; sourceTree = "<group>"; };
		33717E284E8BBBD24A611B4F /* GoogleClientConfiguration.swift */ = {isa = PBXFileReference; lastKnownFileType = sourcecode.swift; path = GoogleClientConfiguration.swift; sourceTree = "<group>"; };
		340A7465144731D60D98AC7C /* MergeGuideSheet.swift */ = {isa = PBXFileReference; lastKnownFileType = sourcecode.swift; path = MergeGuideSheet.swift; sourceTree = "<group>"; };
		37F9C0A836B2EBB9EAE9DA82 /* TipTests.swift */ = {isa = PBXFileReference; lastKnownFileType = sourcecode.swift; path = TipTests.swift; sourceTree = "<group>"; };
		3D8D9EFB8321E02452EFCF26 /* AppDelegate.swift */ = {isa = PBXFileReference; lastKnownFileType = sourcecode.swift; path = AppDelegate.swift; sourceTree = "<group>"; };
		4372C03A0DB7F78DF414F892 /* PerformanceTests.swift */ = {isa = PBXFileReference; lastKnownFileType = sourcecode.swift; path = PerformanceTests.swift; sourceTree = "<group>"; };
		448D8466905D410325058CE5 /* OpenAGC.entitlements */ = {isa = PBXFileReference; lastKnownFileType = text.plist.entitlements; path = OpenAGC.entitlements; sourceTree = "<group>"; };
		46BFDFDE09CC5207A0A048D0 /* ReaderStore.swift */ = {isa = PBXFileReference; lastKnownFileType = sourcecode.swift; path = ReaderStore.swift; sourceTree = "<group>"; };
		49C1A1D559658C07CBA5E7BD /* GuideDecisionsView.swift */ = {isa = PBXFileReference; lastKnownFileType = sourcecode.swift; path = GuideDecisionsView.swift; sourceTree = "<group>"; };
		4E9589E376D0608FB13DD219 /* RoutineModel.swift */ = {isa = PBXFileReference; lastKnownFileType = sourcecode.swift; path = RoutineModel.swift; sourceTree = "<group>"; };
		50741EBE28CA752FB58116F8 /* InterviewSheet.swift */ = {isa = PBXFileReference; lastKnownFileType = sourcecode.swift; path = InterviewSheet.swift; sourceTree = "<group>"; };
		50B962447EBAA57EEF146039 /* Tips.swift */ = {isa = PBXFileReference; lastKnownFileType = sourcecode.swift; path = Tips.swift; sourceTree = "<group>"; };
		518CBF5035A38D8D0D16499C /* AgentSuggestions.swift */ = {isa = PBXFileReference; lastKnownFileType = sourcecode.swift; path = AgentSuggestions.swift; sourceTree = "<group>"; };
		548862DE416451002EBB3C1F /* UndoNoticeView.swift */ = {isa = PBXFileReference; lastKnownFileType = sourcecode.swift; path = UndoNoticeView.swift; sourceTree = "<group>"; };
		56136D185C680F33C31C33A6 /* OnboardingTests.swift */ = {isa = PBXFileReference; lastKnownFileType = sourcecode.swift; path = OnboardingTests.swift; sourceTree = "<group>"; };
		59E288D150328C8BC8F1B8D1 /* Tokens.swift */ = {isa = PBXFileReference; lastKnownFileType = sourcecode.swift; path = Tokens.swift; sourceTree = "<group>"; };
		5D0633FEBD199D3028E73DAA /* ThreadListView.swift */ = {isa = PBXFileReference; lastKnownFileType = sourcecode.swift; path = ThreadListView.swift; sourceTree = "<group>"; };
		601938BEED9E6F66CF748199 /* AccountSettings.swift */ = {isa = PBXFileReference; lastKnownFileType = sourcecode.swift; path = AccountSettings.swift; sourceTree = "<group>"; };
		6106757A4B6B179819362741 /* AgentSettingsTests.swift */ = {isa = PBXFileReference; lastKnownFileType = sourcecode.swift; path = AgentSettingsTests.swift; sourceTree = "<group>"; };
		614E12523CE68610CC7D5C14 /* ThreadWindow.swift */ = {isa = PBXFileReference; lastKnownFileType = sourcecode.swift; path = ThreadWindow.swift; sourceTree = "<group>"; };
		62CAA118064885B07120D8E9 /* ComposerThreadPane.swift */ = {isa = PBXFileReference; lastKnownFileType = sourcecode.swift; path = ComposerThreadPane.swift; sourceTree = "<group>"; };
		6407F10744C6609C6D77A3E9 /* EmailDocument.swift */ = {isa = PBXFileReference; lastKnownFileType = sourcecode.swift; path = EmailDocument.swift; sourceTree = "<group>"; };
		662ED4D20063A892C72301EF /* Snapshot.swift */ = {isa = PBXFileReference; lastKnownFileType = sourcecode.swift; path = Snapshot.swift; sourceTree = "<group>"; };
		66E8DBF47559E5EC82041284 /* UndoTests.swift */ = {isa = PBXFileReference; lastKnownFileType = sourcecode.swift; path = UndoTests.swift; sourceTree = "<group>"; };
		6AF84574CC4178F1C4DEFC88 /* OpenAGC-dev.entitlements */ = {isa = PBXFileReference; lastKnownFileType = text.plist.entitlements; path = "OpenAGC-dev.entitlements"; sourceTree = "<group>"; };
		6D322E3E16D6E19FF3D99CBF /* agent-system-prompt.md */ = {isa = PBXFileReference; lastKnownFileType = net.daringfireball.markdown; path = "agent-system-prompt.md"; sourceTree = "<group>"; };
		6EA889A74036D5319EED2E94 /* CoreClientTests.swift */ = {isa = PBXFileReference; lastKnownFileType = sourcecode.swift; path = CoreClientTests.swift; sourceTree = "<group>"; };
		700730FD7CE20073EC4E05F4 /* KeychainTests.swift */ = {isa = PBXFileReference; lastKnownFileType = sourcecode.swift; path = KeychainTests.swift; sourceTree = "<group>"; };
		7491CD8B391923F8E19F565D /* MailReadTests.swift */ = {isa = PBXFileReference; lastKnownFileType = sourcecode.swift; path = MailReadTests.swift; sourceTree = "<group>"; };
		79E355DC34494451275B9699 /* GuideAudiences.swift */ = {isa = PBXFileReference; lastKnownFileType = sourcecode.swift; path = GuideAudiences.swift; sourceTree = "<group>"; };
		7AFC64B77AEDD827390E1C08 /* AgentPanel.swift */ = {isa = PBXFileReference; lastKnownFileType = sourcecode.swift; path = AgentPanel.swift; sourceTree = "<group>"; };
		7CD73699F481A160A310E527 /* BulkTaskSheet.swift */ = {isa = PBXFileReference; lastKnownFileType = sourcecode.swift; path = BulkTaskSheet.swift; sourceTree = "<group>"; };
		7DFBC630572AC27DA6ED8285 /* AgentSettings.swift */ = {isa = PBXFileReference; lastKnownFileType = sourcecode.swift; path = AgentSettings.swift; sourceTree = "<group>"; };
		7F31887B3B0CDC339E3EB92E /* AppModel+Guide.swift */ = {isa = PBXFileReference; lastKnownFileType = sourcecode.swift; path = "AppModel+Guide.swift"; sourceTree = "<group>"; };
		813AFF04D4AA06CBAF57266A /* ArchiveAccountTests.swift */ = {isa = PBXFileReference; lastKnownFileType = sourcecode.swift; path = ArchiveAccountTests.swift; sourceTree = "<group>"; };
		821CE82268E95C47F9C2419D /* ChangeGuideSheet.swift */ = {isa = PBXFileReference; lastKnownFileType = sourcecode.swift; path = ChangeGuideSheet.swift; sourceTree = "<group>"; };
		83C030F70A3EC9DE875D6F6C /* AppModelTests.swift */ = {isa = PBXFileReference; lastKnownFileType = sourcecode.swift; path = AppModelTests.swift; sourceTree = "<group>"; };
		88FDA6A53B22BE15E4B5B603 /* OpenAGCApp.swift */ = {isa = PBXFileReference; lastKnownFileType = sourcecode.swift; path = OpenAGCApp.swift; sourceTree = "<group>"; };
		8ABFBCC58A855BB41D27E0B4 /* RecipientField.swift */ = {isa = PBXFileReference; lastKnownFileType = sourcecode.swift; path = RecipientField.swift; sourceTree = "<group>"; };
		8B1980692C7F9190146DE301 /* DueDay.swift */ = {isa = PBXFileReference; lastKnownFileType = sourcecode.swift; path = DueDay.swift; sourceTree = "<group>"; };
		8C475FED0B840B75D9F5A9B0 /* TaskTests.swift */ = {isa = PBXFileReference; lastKnownFileType = sourcecode.swift; path = TaskTests.swift; sourceTree = "<group>"; };
		9036B10AEDC12CF3CF3416BD /* MainWindow.swift */ = {isa = PBXFileReference; lastKnownFileType = sourcecode.swift; path = MainWindow.swift; sourceTree = "<group>"; };
		90CE9D77767388614457FBCE /* AgentPanelTests.swift */ = {isa = PBXFileReference; lastKnownFileType = sourcecode.swift; path = AgentPanelTests.swift; sourceTree = "<group>"; };
		93C7A6A37E38A82DB0A1B08D /* GuideEntryEditor.swift */ = {isa = PBXFileReference; lastKnownFileType = sourcecode.swift; path = GuideEntryEditor.swift; sourceTree = "<group>"; };
		948C111ADD342515B7C70DDB /* OpenAGCTests.xctest */ = {isa = PBXFileReference; explicitFileType = wrapper.cfbundle; includeInIndex = 0; path = OpenAGCTests.xctest; sourceTree = BUILT_PRODUCTS_DIR; };
		99F36E7595DF6E9B290AE189 /* AttachmentTests.swift */ = {isa = PBXFileReference; lastKnownFileType = sourcecode.swift; path = AttachmentTests.swift; sourceTree = "<group>"; };
		9B2ED3B92D6E529688C7C31B /* Assets.xcassets */ = {isa = PBXFileReference; lastKnownFileType = folder.assetcatalog; path = Assets.xcassets; sourceTree = "<group>"; };
		9F1AC3BAB2B7AD0F84B139D5 /* GuideTests.swift */ = {isa = PBXFileReference; lastKnownFileType = sourcecode.swift; path = GuideTests.swift; sourceTree = "<group>"; };
		9FCBE0C4FC7F267DC74AB18D /* ImportMailbox.swift */ = {isa = PBXFileReference; lastKnownFileType = sourcecode.swift; path = ImportMailbox.swift; sourceTree = "<group>"; };
		A0EC7D80ED73FC741D5DBAEA /* TaskDoneDialog.swift */ = {isa = PBXFileReference; lastKnownFileType = sourcecode.swift; path = TaskDoneDialog.swift; sourceTree = "<group>"; };
		A1FA403B0E890A2F61D2E8BC /* DesignTests.swift */ = {isa = PBXFileReference; lastKnownFileType = sourcecode.swift; path = DesignTests.swift; sourceTree = "<group>"; };
		A359DD42E889393E2E037F58 /* ThreadWindowTests.swift */ = {isa = PBXFileReference; lastKnownFileType = sourcecode.swift; path = ThreadWindowTests.swift; sourceTree = "<group>"; };
		A37A35E8490CA1B5A41B9410 /* TaskSettings.swift */ = {isa = PBXFileReference; lastKnownFileType = sourcecode.swift; path = TaskSettings.swift; sourceTree = "<group>"; };
		A3ECF1113029DF896EFBDA03 /* openagc_core.swift */ = {isa = PBXFileReference; lastKnownFileType = sourcecode.swift; path = openagc_core.swift; sourceTree = "<group>"; };
		A5846BE9A95C68C7383B2B7C /* SyncStatusView.swift */ = {isa = PBXFileReference; lastKnownFileType = sourcecode.swift; path = SyncStatusView.swift; sourceTree = "<group>"; };
		A65BAFCB0A37F91E630541F2 /* SidebarView.swift */ = {isa = PBXFileReference; lastKnownFileType = sourcecode.swift; path = SidebarView.swift; sourceTree = "<group>"; };
		A6A5BA2DB76BB7475F5832B8 /* ListFilterTests.swift */ = {isa = PBXFileReference; lastKnownFileType = sourcecode.swift; path = ListFilterTests.swift; sourceTree = "<group>"; };
		A751B74E9626A3A08F4D905F /* ThreadListStore.swift */ = {isa = PBXFileReference; lastKnownFileType = sourcecode.swift; path = ThreadListStore.swift; sourceTree = "<group>"; };
		A87408B632453437C40B6BA3 /* TaskSuggester.swift */ = {isa = PBXFileReference; lastKnownFileType = sourcecode.swift; path = TaskSuggester.swift; sourceTree = "<group>"; };
		AB3DFF446CD804B9EB7984C8 /* AppModel.swift */ = {isa = PBXFileReference; lastKnownFileType = sourcecode.swift; path = AppModel.swift; sourceTree = "<group>"; };
		ACA440AC1C73AD0A9E18E993 /* ActionTests.swift */ = {isa = PBXFileReference; lastKnownFileType = sourcecode.swift; path = ActionTests.swift; sourceTree = "<group>"; };
		AD34CB7C1FA0DB564F8F5DC1 /* AgentSuggestionTests.swift */ = {isa = PBXFileReference; lastKnownFileType = sourcecode.swift; path = AgentSuggestionTests.swift; sourceTree = "<group>"; };
		AE47B2F1BDB2A00655547EA9 /* AppShellTests.swift */ = {isa = PBXFileReference; lastKnownFileType = sourcecode.swift; path = AppShellTests.swift; sourceTree = "<group>"; };
		AF46AFEDFFFF3F8D14FFDF02 /* ComposerHTML.swift */ = {isa = PBXFileReference; lastKnownFileType = sourcecode.swift; path = ComposerHTML.swift; sourceTree = "<group>"; };
		BB39A16B1137A564FA4C32FD /* SidebarTreeTests.swift */ = {isa = PBXFileReference; lastKnownFileType = sourcecode.swift; path = SidebarTreeTests.swift; sourceTree = "<group>"; };
		BB9494AAF5D25AD46911AD35 /* NewMailNotifier.swift */ = {isa = PBXFileReference; lastKnownFileType = sourcecode.swift; path = NewMailNotifier.swift; sourceTree = "<group>"; };
		BCCFF907D89AAA9F8298A38B /* LabelTree.swift */ = {isa = PBXFileReference; lastKnownFileType = sourcecode.swift; path = LabelTree.swift; sourceTree = "<group>"; };
		BCFF65E7B155CD0037BA6A5B /* AgentActivity.swift */ = {isa = PBXFileReference; lastKnownFileType = sourcecode.swift; path = AgentActivity.swift; sourceTree = "<group>"; };
		BD60D05E2A25A84E52603E5F /* LabelPickerTests.swift */ = {isa = PBXFileReference; lastKnownFileType = sourcecode.swift; path = LabelPickerTests.swift; sourceTree = "<group>"; };
		BD6458B52C0ABAB8AED1A828 /* MailboxStore.swift */ = {isa = PBXFileReference; lastKnownFileType = sourcecode.swift; path = MailboxStore.swift; sourceTree = "<group>"; };
		BE0D26F833C2199E4C16795D /* AppModel+Tasks.swift */ = {isa = PBXFileReference; lastKnownFileType = sourcecode.swift; path = "AppModel+Tasks.swift"; sourceTree = "<group>"; };
		BE6FF06BED85F5FE72CF32A5 /* AgentFFITests.swift */ = {isa = PBXFileReference; lastKnownFileType = sourcecode.swift; path = AgentFFITests.swift; sourceTree = "<group>"; };
		C05AE95A75189A1675986338 /* ComposerStore.swift */ = {isa = PBXFileReference; lastKnownFileType = sourcecode.swift; path = ComposerStore.swift; sourceTree = "<group>"; };
		C6AF53B3D3F46C3B31646E28 /* SyncDebuggerView.swift */ = {isa = PBXFileReference; lastKnownFileType = sourcecode.swift; path = SyncDebuggerView.swift; sourceTree = "<group>"; };
		C869C66EBC8340DA185D26D9 /* NotificationTests.swift */ = {isa = PBXFileReference; lastKnownFileType = sourcecode.swift; path = NotificationTests.swift; sourceTree = "<group>"; };
		CA37C6A95F6AA5461FD7B016 /* GuideDetailView.swift */ = {isa = PBXFileReference; lastKnownFileType = sourcecode.swift; path = GuideDetailView.swift; sourceTree = "<group>"; };
		CD2ED5356A1BBFFEABB704F9 /* KeychainSecretStore.swift */ = {isa = PBXFileReference; lastKnownFileType = sourcecode.swift; path = KeychainSecretStore.swift; sourceTree = "<group>"; };
		CEACE15E5A6BE04DA48CAEFA /* RoutineTests.swift */ = {isa = PBXFileReference; lastKnownFileType = sourcecode.swift; path = RoutineTests.swift; sourceTree = "<group>"; };
		CF32A9AE2D35843656097005 /* ThreadRowView.swift */ = {isa = PBXFileReference; lastKnownFileType = sourcecode.swift; path = ThreadRowView.swift; sourceTree = "<group>"; };
		D11E72641F92131C1AC579D7 /* Info.plist */ = {isa = PBXFileReference; lastKnownFileType = text.plist; path = Info.plist; sourceTree = "<group>"; };
		D24E3C75C954D3F4970670D2 /* RichTextEditor.swift */ = {isa = PBXFileReference; lastKnownFileType = sourcecode.swift; path = RichTextEditor.swift; sourceTree = "<group>"; };
		D5D8587064562266E1C5E1DC /* SearchTests.swift */ = {isa = PBXFileReference; lastKnownFileType = sourcecode.swift; path = SearchTests.swift; sourceTree = "<group>"; };
		D5EB793CBF311E2EE4B99110 /* GuideInterview.swift */ = {isa = PBXFileReference; lastKnownFileType = sourcecode.swift; path = GuideInterview.swift; sourceTree = "<group>"; };
		DDF3E6C6A8B1311B3DFB3A14 /* Local.xcconfig */ = {isa = PBXFileReference; lastKnownFileType = text.xcconfig; path = Local.xcconfig; sourceTree = "<group>"; };
		DE83811F68C4EBD9E870E49B /* CoreClient.swift */ = {isa = PBXFileReference; lastKnownFileType = sourcecode.swift; path = CoreClient.swift; sourceTree = "<group>"; };
		E37D8F4A094C1AC18DB808DC /* InboxCategories.swift */ = {isa = PBXFileReference; lastKnownFileType = sourcecode.swift; path = InboxCategories.swift; sourceTree = "<group>"; };
		E4C676A513B753ECEBB6FF97 /* SettingsView.swift */ = {isa = PBXFileReference; lastKnownFileType = sourcecode.swift; path = SettingsView.swift; sourceTree = "<group>"; };
		E7851B97C95FA512DB3CEF19 /* LabelPicker.swift */ = {isa = PBXFileReference; lastKnownFileType = sourcecode.swift; path = LabelPicker.swift; sourceTree = "<group>"; };
		EC0913B609E033D24E8FB9A3 /* SyncDebuggerTests.swift */ = {isa = PBXFileReference; lastKnownFileType = sourcecode.swift; path = SyncDebuggerTests.swift; sourceTree = "<group>"; };
		EC1B952488DEE5A94BB9D8BF /* MenuTests.swift */ = {isa = PBXFileReference; lastKnownFileType = sourcecode.swift; path = MenuTests.swift; sourceTree = "<group>"; };
		F29EE263B741DE6C936C9E2B /* LearnSheet.swift */ = {isa = PBXFileReference; lastKnownFileType = sourcecode.swift; path = LearnSheet.swift; sourceTree = "<group>"; };
		F3FE3957640F5FB9A22D3965 /* UpdaterTests.swift */ = {isa = PBXFileReference; lastKnownFileType = sourcecode.swift; path = UpdaterTests.swift; sourceTree = "<group>"; };
		F948B54558F221088FD3447F /* GuideStore.swift */ = {isa = PBXFileReference; lastKnownFileType = sourcecode.swift; path = GuideStore.swift; sourceTree = "<group>"; };
		FD3B3A87D30B9F0CCE202CA9 /* Surfaces.swift */ = {isa = PBXFileReference; lastKnownFileType = sourcecode.swift; path = Surfaces.swift; sourceTree = "<group>"; };
		FDAEE7BA4E6152A7714BD298 /* ReaderTests.swift */ = {isa = PBXFileReference; lastKnownFileType = sourcecode.swift; path = ReaderTests.swift; sourceTree = "<group>"; };
		FE0EEA46B16CBE10362B13CC /* CoreEventTests.swift */ = {isa = PBXFileReference; lastKnownFileType = sourcecode.swift; path = CoreEventTests.swift; sourceTree = "<group>"; };
		FFD9EA8BFD3CDA270CCB8109 /* Updater.swift */ = {isa = PBXFileReference; lastKnownFileType = sourcecode.swift; path = Updater.swift; sourceTree = "<group>"; };
/* End PBXFileReference section */

/* Begin PBXFrameworksBuildPhase section */
		20BB3593C59F962F46FD8869 /* Frameworks */ = {
			isa = PBXFrameworksBuildPhase;
			buildActionMask = 2147483647;
			files = (
				8BCA879DA87A93071503AFD8 /* OpenAGCCore.framework in Frameworks */,
				58BD5F9A51D3C6CECFB92D99 /* Sparkle in Frameworks */,
			);
			runOnlyForDeploymentPostprocessing = 0;
		};
/* End PBXFrameworksBuildPhase section */

/* Begin PBXGroup section */
		0648D6962EBB6BAE08ED2B88 /* build */ = {
			isa = PBXGroup;
			children = (
				BB7F390581A7708D0FE7F4AA /* core */,
			);
			path = build;
			sourceTree = "<group>";
		};
		0781FA7C871F00A219C50ECD /* Components */ = {
			isa = PBXGroup;
			children = (
			);
			path = Components;
			sourceTree = "<group>";
		};
		0D3F6879D8FD7DD1B2FFD214 /* Routines */ = {
			isa = PBXGroup;
			children = (
				4E9589E376D0608FB13DD219 /* RoutineModel.swift */,
				0226B235AA4B7F4515359C61 /* RoutinesStore.swift */,
				190E7BE352B8FB1A5BC8078E /* RoutinesWindow.swift */,
			);
			path = Routines;
			sourceTree = "<group>";
		};
		1256AAEC04D116859F4845BE /* MessageView */ = {
			isa = PBXGroup;
			children = (
				033CF7C15494E30BC67D425A /* AttachmentStrip.swift */,
				6407F10744C6609C6D77A3E9 /* EmailDocument.swift */,
				0F2806227B342184B9664E7D /* LinkSafety.swift */,
				2A39D166713933009D25A50F /* MessageToolbar.swift */,
				1CD3817AE3B32FC2F3B89845 /* MessageWebView.swift */,
				46BFDFDE09CC5207A0A048D0 /* ReaderStore.swift */,
				11B84FAD449704789E8707C7 /* SchemeHandlers.swift */,
				301600435566D43C1065E680 /* ThreadReaderView.swift */,
				614E12523CE68610CC7D5C14 /* ThreadWindow.swift */,
			);
			path = MessageView;
			sourceTree = "<group>";
		};
		1A71FF580FA846FFFE00A7AB /* Accounts */ = {
			isa = PBXGroup;
			children = (
				331D2F57E10A1874F6103AFF /* AccountAvatar.swift */,
				0ECC21C8EFCB7A1F70BD6BF9 /* AccountMenu.swift */,
				9FCBE0C4FC7F267DC74AB18D /* ImportMailbox.swift */,
			);
			path = Accounts;
			sourceTree = "<group>";
		};
		1D30BC16B523BE0C4B1F7695 /* Agent */ = {
			isa = PBXGroup;
			children = (
				BCFF65E7B155CD0037BA6A5B /* AgentActivity.swift */,
				7AFC64B77AEDD827390E1C08 /* AgentPanel.swift */,
				7DFBC630572AC27DA6ED8285 /* AgentSettings.swift */,
				17B53574C86CCC4F40FC00A1 /* AgentStore.swift */,
				518CBF5035A38D8D0D16499C /* AgentSuggestions.swift */,
			);
			path = Agent;
			sourceTree = "<group>";
		};
		2006356414270232896E2924 /* App */ = {
			isa = PBXGroup;
			children = (
				3D8D9EFB8321E02452EFCF26 /* AppDelegate.swift */,
				AB3DFF446CD804B9EB7984C8 /* AppModel.swift */,
				1CF9BB1ABE76E11F4305E525 /* KeyboardShortcuts.swift */,
				9036B10AEDC12CF3CF3416BD /* MainWindow.swift */,
				88FDA6A53B22BE15E4B5B603 /* OpenAGCApp.swift */,
				662ED4D20063A892C72301EF /* Snapshot.swift */,
				FFD9EA8BFD3CDA270CCB8109 /* Updater.swift */,
			);
			path = App;
			sourceTree = "<group>";
		};
		21B1FEBF552FD39C8F00118E /* Resources */ = {
			isa = PBXGroup;
			children = (
				6D322E3E16D6E19FF3D99CBF /* agent-system-prompt.md */,
				9B2ED3B92D6E529688C7C31B /* Assets.xcassets */,
				19F04E00E0E6BE9B7678CEDB /* GoogleOAuth.plist */,
				D11E72641F92131C1AC579D7 /* Info.plist */,
				6AF84574CC4178F1C4DEFC88 /* OpenAGC-dev.entitlements */,
				448D8466905D410325058CE5 /* OpenAGC.entitlements */,
			);
			path = Resources;
			sourceTree = "<group>";
		};
		41A4803B6ABF0BDBE2711120 /* Undo */ = {
			isa = PBXGroup;
			children = (
				04D52F53D78AD39AD9664700 /* MailUndo.swift */,
				548862DE416451002EBB3C1F /* UndoNoticeView.swift */,
			);
			path = Undo;
			sourceTree = "<group>";
		};
		69C4720C0FA23E101118BEBF /* Sidebar */ = {
			isa = PBXGroup;
			children = (
				BCCFF907D89AAA9F8298A38B /* LabelTree.swift */,
				BD6458B52C0ABAB8AED1A828 /* MailboxStore.swift */,
				A65BAFCB0A37F91E630541F2 /* SidebarView.swift */,
				A5846BE9A95C68C7383B2B7C /* SyncStatusView.swift */,
			);
			path = Sidebar;
			sourceTree = "<group>";
		};
		71AB5985CBF443B507A5BD07 /* macos */ = {
			isa = PBXGroup;
			children = (
				DDF3E6C6A8B1311B3DFB3A14 /* Local.xcconfig */,
			);
			path = macos;
			sourceTree = "<group>";
		};
		78F9059E78E58744FA461B8D /* Tasks */ = {
			isa = PBXGroup;
			children = (
				BE0D26F833C2199E4C16795D /* AppModel+Tasks.swift */,
				7CD73699F481A160A310E527 /* BulkTaskSheet.swift */,
				12119B6B5E72875BDA8E5C10 /* TaskDialog.swift */,
				A0EC7D80ED73FC741D5DBAEA /* TaskDoneDialog.swift */,
				30E76B5CB7759AE57FCB348E /* TaskListStore.swift */,
				15F8DEBC281B735D98308AF6 /* TaskListView.swift */,
				A87408B632453437C40B6BA3 /* TaskSuggester.swift */,
			);
			path = Tasks;
			sourceTree = "<group>";
		};
		7D3084210606660AA4637D36 /* swift */ = {
			isa = PBXGroup;
			children = (
				A3ECF1113029DF896EFBDA03 /* openagc_core.swift */,
			);
			path = swift;
			sourceTree = "<group>";
		};
		806C2EB88EDA92BAFBE5AC1A /* Core */ = {
			isa = PBXGroup;
			children = (
				DE83811F68C4EBD9E870E49B /* CoreClient.swift */,
				CD2ED5356A1BBFFEABB704F9 /* KeychainSecretStore.swift */,
			);
			path = Core;
			sourceTree = "<group>";
		};
		84FAC93793B5EC1C8F00EF34 /* Products */ = {
			isa = PBXGroup;
			children = (
				2C8458B42683B1FC4F0EBB64 /* OpenAGC.app */,
				24AC691869E94971A95182AF /* OpenAGCCore.framework */,
				948C111ADD342515B7C70DDB /* OpenAGCTests.xctest */,
			);
			name = Products;
			sourceTree = "<group>";
		};
		89D5CBF0512B9AEB8BE8E232 /* OpenAGCTests */ = {
			isa = PBXGroup;
			children = (
				2765848DA211F359D74EF196 /* AccountAvatarTests.swift */,
				04F1A33FDE9F24E15210C90A /* AccountSwitchTests.swift */,
				ACA440AC1C73AD0A9E18E993 /* ActionTests.swift */,
				BE6FF06BED85F5FE72CF32A5 /* AgentFFITests.swift */,
				90CE9D77767388614457FBCE /* AgentPanelTests.swift */,
				6106757A4B6B179819362741 /* AgentSettingsTests.swift */,
				AD34CB7C1FA0DB564F8F5DC1 /* AgentSuggestionTests.swift */,
				83C030F70A3EC9DE875D6F6C /* AppModelTests.swift */,
				AE47B2F1BDB2A00655547EA9 /* AppShellTests.swift */,
				813AFF04D4AA06CBAF57266A /* ArchiveAccountTests.swift */,
				99F36E7595DF6E9B290AE189 /* AttachmentTests.swift */,
				3099D543330783FF161C148F /* CategoryTabTests.swift */,
				118671237C043C8CFF6F33F0 /* ComposerAssistantTests.swift */,
				0853C589261B9BC5E99D0106 /* ComposerTests.swift */,
				6EA889A74036D5319EED2E94 /* CoreClientTests.swift */,
				FE0EEA46B16CBE10362B13CC /* CoreEventTests.swift */,
				A1FA403B0E890A2F61D2E8BC /* DesignTests.swift */,
				9F1AC3BAB2B7AD0F84B139D5 /* GuideTests.swift */,
				700730FD7CE20073EC4E05F4 /* KeychainTests.swift */,
				BD60D05E2A25A84E52603E5F /* LabelPickerTests.swift */,
				0C8A5AC940824CF40F0B058F /* LabelTreeTests.swift */,
				A6A5BA2DB76BB7475F5832B8 /* ListFilterTests.swift */,
				7491CD8B391923F8E19F565D /* MailReadTests.swift */,
				EC1B952488DEE5A94BB9D8BF /* MenuTests.swift */,
				C869C66EBC8340DA185D26D9 /* NotificationTests.swift */,
				56136D185C680F33C31C33A6 /* OnboardingTests.swift */,
				4372C03A0DB7F78DF414F892 /* PerformanceTests.swift */,
				FDAEE7BA4E6152A7714BD298 /* ReaderTests.swift */,
				CEACE15E5A6BE04DA48CAEFA /* RoutineTests.swift */,
				D5D8587064562266E1C5E1DC /* SearchTests.swift */,
				BB39A16B1137A564FA4C32FD /* SidebarTreeTests.swift */,
				EC0913B609E033D24E8FB9A3 /* SyncDebuggerTests.swift */,
				8C475FED0B840B75D9F5A9B0 /* TaskTests.swift */,
				A359DD42E889393E2E037F58 /* ThreadWindowTests.swift */,
				37F9C0A836B2EBB9EAE9DA82 /* TipTests.swift */,
				66E8DBF47559E5EC82041284 /* UndoTests.swift */,
				F3FE3957640F5FB9A22D3965 /* UpdaterTests.swift */,
			);
			path = OpenAGCTests;
			sourceTree = "<group>";
		};
		8A7408779DD1060A1ED75B09 /* Settings */ = {
			isa = PBXGroup;
			children = (
				601938BEED9E6F66CF748199 /* AccountSettings.swift */,
				E4C676A513B753ECEBB6FF97 /* SettingsView.swift */,
				A37A35E8490CA1B5A41B9410 /* TaskSettings.swift */,
			);
			path = Settings;
			sourceTree = "<group>";
		};
		96316BD80602D0C3FCFABB04 /* OpenAGC */ = {
			isa = PBXGroup;
			children = (
				0648D6962EBB6BAE08ED2B88 /* build */,
				71AB5985CBF443B507A5BD07 /* macos */,
			);
			name = OpenAGC;
			path = ..;
			sourceTree = "<group>";
		};
		ACB56B1D93EAD3FFE3A9A111 /* Notifications */ = {
			isa = PBXGroup;
			children = (
				BB9494AAF5D25AD46911AD35 /* NewMailNotifier.swift */,
			);
			path = Notifications;
			sourceTree = "<group>";
		};
		B1DF5DA9CE56D0A1EF44D9B0 /* Design */ = {
			isa = PBXGroup;
			children = (
				282C65C46EFBD9CE2DB7AE30 /* Components.swift */,
				8B1980692C7F9190146DE301 /* DueDay.swift */,
				FD3B3A87D30B9F0CCE202CA9 /* Surfaces.swift */,
				59E288D150328C8BC8F1B8D1 /* Tokens.swift */,
			);
			path = Design;
			sourceTree = "<group>";
		};
		B755F7DDAB76557EFF1EA484 /* ThreadList */ = {
			isa = PBXGroup;
			children = (
				E37D8F4A094C1AC18DB808DC /* InboxCategories.swift */,
				E7851B97C95FA512DB3CEF19 /* LabelPicker.swift */,
				053AED4EA96D02AB9F26511F /* ListFilter.swift */,
				A751B74E9626A3A08F4D905F /* ThreadListStore.swift */,
				5D0633FEBD199D3028E73DAA /* ThreadListView.swift */,
				CF32A9AE2D35843656097005 /* ThreadRowView.swift */,
				50B962447EBAA57EEF146039 /* Tips.swift */,
			);
			path = ThreadList;
			sourceTree = "<group>";
		};
		BB7F390581A7708D0FE7F4AA /* core */ = {
			isa = PBXGroup;
			children = (
				7D3084210606660AA4637D36 /* swift */,
			);
			path = core;
			sourceTree = "<group>";
		};
		C0D306EC85151A114481493B /* Features */ = {
			isa = PBXGroup;
			children = (
				1A71FF580FA846FFFE00A7AB /* Accounts */,
				1D30BC16B523BE0C4B1F7695 /* Agent */,
				CE7481F262DA91540E01D859 /* Composer */,
				C4A0ED78690CACFCD0F13F5A /* Guide */,
				1256AAEC04D116859F4845BE /* MessageView */,
				ACB56B1D93EAD3FFE3A9A111 /* Notifications */,
				F02A9018A33830637A9E3504 /* Onboarding */,
				0D3F6879D8FD7DD1B2FFD214 /* Routines */,
				8A7408779DD1060A1ED75B09 /* Settings */,
				69C4720C0FA23E101118BEBF /* Sidebar */,
				C58A684B9FA6EE763854A3A5 /* SyncDebugger */,
				78F9059E78E58744FA461B8D /* Tasks */,
				B755F7DDAB76557EFF1EA484 /* ThreadList */,
				41A4803B6ABF0BDBE2711120 /* Undo */,
			);
			path = Features;
			sourceTree = "<group>";
		};
		C4A0ED78690CACFCD0F13F5A /* Guide */ = {
			isa = PBXGroup;
			children = (
				7F31887B3B0CDC339E3EB92E /* AppModel+Guide.swift */,
				821CE82268E95C47F9C2419D /* ChangeGuideSheet.swift */,
				79E355DC34494451275B9699 /* GuideAudiences.swift */,
				49C1A1D559658C07CBA5E7BD /* GuideDecisionsView.swift */,
				CA37C6A95F6AA5461FD7B016 /* GuideDetailView.swift */,
				93C7A6A37E38A82DB0A1B08D /* GuideEntryEditor.swift */,
				D5EB793CBF311E2EE4B99110 /* GuideInterview.swift */,
				090449905496D5304469D855 /* GuidePrompt.swift */,
				F948B54558F221088FD3447F /* GuideStore.swift */,
				18F0249A501C89A849A51705 /* GuideView.swift */,
				50741EBE28CA752FB58116F8 /* InterviewSheet.swift */,
				F29EE263B741DE6C936C9E2B /* LearnSheet.swift */,
				340A7465144731D60D98AC7C /* MergeGuideSheet.swift */,
			);
			path = Guide;
			sourceTree = "<group>";
		};
		C58A684B9FA6EE763854A3A5 /* SyncDebugger */ = {
			isa = PBXGroup;
			children = (
				C6AF53B3D3F46C3B31646E28 /* SyncDebuggerView.swift */,
			);
			path = SyncDebugger;
			sourceTree = "<group>";
		};
		CE7481F262DA91540E01D859 /* Composer */ = {
			isa = PBXGroup;
			children = (
				045C8138124940FF93D5F90B /* ComposerAssistant.swift */,
				AF46AFEDFFFF3F8D14FFDF02 /* ComposerHTML.swift */,
				C05AE95A75189A1675986338 /* ComposerStore.swift */,
				62CAA118064885B07120D8E9 /* ComposerThreadPane.swift */,
				2A5694ECC8EA36F2A4119F98 /* ComposerView.swift */,
				00C8234BE90C43AB48FCA078 /* DraftClient.swift */,
				8ABFBCC58A855BB41D27E0B4 /* RecipientField.swift */,
				D24E3C75C954D3F4970670D2 /* RichTextEditor.swift */,
			);
			path = Composer;
			sourceTree = "<group>";
		};
		DD42BD42C84471844AD41C80 /* OpenAGC */ = {
			isa = PBXGroup;
			children = (
				2006356414270232896E2924 /* App */,
				0781FA7C871F00A219C50ECD /* Components */,
				806C2EB88EDA92BAFBE5AC1A /* Core */,
				B1DF5DA9CE56D0A1EF44D9B0 /* Design */,
				C0D306EC85151A114481493B /* Features */,
				21B1FEBF552FD39C8F00118E /* Resources */,
			);
			path = OpenAGC;
			sourceTree = "<group>";
		};
		E458C12428F8850BEEB621C7 = {
			isa = PBXGroup;
			children = (
				DD42BD42C84471844AD41C80 /* OpenAGC */,
				96316BD80602D0C3FCFABB04 /* OpenAGC */,
				89D5CBF0512B9AEB8BE8E232 /* OpenAGCTests */,
				84FAC93793B5EC1C8F00EF34 /* Products */,
			);
			sourceTree = "<group>";
		};
		F02A9018A33830637A9E3504 /* Onboarding */ = {
			isa = PBXGroup;
			children = (
				33717E284E8BBBD24A611B4F /* GoogleClientConfiguration.swift */,
				26F65D12222A0363EDB8FFE0 /* OnboardingView.swift */,
			);
			path = Onboarding;
			sourceTree = "<group>";
		};
/* End PBXGroup section */

/* Begin PBXNativeTarget section */
		8C028A5FF1B3DC8D34D09AF2 /* OpenAGCTests */ = {
			isa = PBXNativeTarget;
			buildConfigurationList = B01404E026D789ACE328092E /* Build configuration list for PBXNativeTarget "OpenAGCTests" */;
			buildPhases = (
				A0F25CA2E57E9092748E4C46 /* Sources */,
			);
			buildRules = (
			);
			dependencies = (
				61E1A5BCA6FF55C6712D7372 /* PBXTargetDependency */,
			);
			name = OpenAGCTests;
			packageProductDependencies = (
			);
			productName = OpenAGCTests;
			productReference = 948C111ADD342515B7C70DDB /* OpenAGCTests.xctest */;
			productType = "com.apple.product-type.bundle.unit-test";
		};
		982F5821420F29993571F6A2 /* OpenAGC */ = {
			isa = PBXNativeTarget;
			buildConfigurationList = 94A46F5E7765F2768EAE7307 /* Build configuration list for PBXNativeTarget "OpenAGC" */;
			buildPhases = (
				E7B11FE5522E11BD255456FF /* Sources */,
				6831234871BCA881BA0E2EF4 /* Embed openagc-mcp */,
				13D6A05D7BF5BF40D35464F0 /* Resources */,
				20BB3593C59F962F46FD8869 /* Frameworks */,
				EAC3C6A66D600D8A512134C9 /* Embed Frameworks */,
			);
			buildRules = (
			);
			dependencies = (
				1BC7AE213876A3DFCE0C750E /* PBXTargetDependency */,
			);
			name = OpenAGC;
			packageProductDependencies = (
				2EC399F550012292CEA80ACA /* Sparkle */,
			);
			productName = OpenAGC;
			productReference = 2C8458B42683B1FC4F0EBB64 /* OpenAGC.app */;
			productType = "com.apple.product-type.application";
		};
		FC08343BF71E222A44041679 /* OpenAGCCore */ = {
			isa = PBXNativeTarget;
			buildConfigurationList = 04943046DB95894355B96720 /* Build configuration list for PBXNativeTarget "OpenAGCCore" */;
			buildPhases = (
				25E14F1F2DFC96612E504D5B /* Build Rust core */,
				9CE8100CFF90A76D9F06FDA8 /* Sources */,
			);
			buildRules = (
			);
			dependencies = (
			);
			name = OpenAGCCore;
			packageProductDependencies = (
			);
			productName = OpenAGCCore;
			productReference = 24AC691869E94971A95182AF /* OpenAGCCore.framework */;
			productType = "com.apple.product-type.framework.static";
		};
/* End PBXNativeTarget section */

/* Begin PBXProject section */
		74D97FBC20E6E452C2351EE4 /* Project object */ = {
			isa = PBXProject;
			attributes = {
				BuildIndependentTargetsInParallel = YES;
				LastUpgradeCheck = 1430;
				TargetAttributes = {
					8C028A5FF1B3DC8D34D09AF2 = {
						ProvisioningStyle = Manual;
					};
					982F5821420F29993571F6A2 = {
						ProvisioningStyle = Manual;
					};
					FC08343BF71E222A44041679 = {
						ProvisioningStyle = Manual;
					};
				};
			};
			buildConfigurationList = F8443F61A3A3C42F00C81DD0 /* Build configuration list for PBXProject "OpenAGC" */;
			developmentRegion = en;
			hasScannedForEncodings = 0;
			knownRegions = (
				Base,
				en,
			);
			mainGroup = E458C12428F8850BEEB621C7;
			minimizedProjectReferenceProxies = 1;
			packageReferences = (
				857B33307D564E23399C3F43 /* XCRemoteSwiftPackageReference "Sparkle" */,
			);
			preferredProjectObjectVersion = 77;
			productRefGroup = 84FAC93793B5EC1C8F00EF34 /* Products */;
			projectDirPath = "";
			projectRoot = "";
			targets = (
				FC08343BF71E222A44041679 /* OpenAGCCore */,
				982F5821420F29993571F6A2 /* OpenAGC */,
				8C028A5FF1B3DC8D34D09AF2 /* OpenAGCTests */,
			);
		};
/* End PBXProject section */

/* Begin PBXResourcesBuildPhase section */
		13D6A05D7BF5BF40D35464F0 /* Resources */ = {
			isa = PBXResourcesBuildPhase;
			buildActionMask = 2147483647;
			files = (
				5C5F0BC8DDAC7E061945E26F /* Assets.xcassets in Resources */,
				23F77D5789CFA8F3CBE1F3D0 /* GoogleOAuth.plist in Resources */,
				F9BBF95D9CBEC5F60BC4CD61 /* agent-system-prompt.md in Resources */,
			);
			runOnlyForDeploymentPostprocessing = 0;
		};
/* End PBXResourcesBuildPhase section */

/* Begin PBXShellScriptBuildPhase section */
		25E14F1F2DFC96612E504D5B /* Build Rust core */ = {
			isa = PBXShellScriptBuildPhase;
			alwaysOutOfDate = 1;
			buildActionMask = 2147483647;
			files = (
			);
			inputFileListPaths = (
			);
			inputPaths = (
			);
			name = "Build Rust core";
			outputFileListPaths = (
			);
			outputPaths = (
				"$(SRCROOT)/../build/core/swift/openagc_core.swift",
				"$(SRCROOT)/../build/core/include/openagc_coreFFI.h",
				"$(SRCROOT)/../build/core/include/module.modulemap",
				"$(SRCROOT)/../build/core/lib/libopenagc_core.a",
				"$(SRCROOT)/../build/core/bin/openagc-mcp",
			);
			runOnlyForDeploymentPostprocessing = 0;
			shellPath = /bin/sh;
			shellScript = "\"$SRCROOT/../scripts/build-core.sh\"";
			showEnvVarsInLog = 0;
		};
		6831234871BCA881BA0E2EF4 /* Embed openagc-mcp */ = {
			isa = PBXShellScriptBuildPhase;
			buildActionMask = 2147483647;
			files = (
			);
			inputFileListPaths = (
			);
			inputPaths = (
				"$(SRCROOT)/../build/core/bin/openagc-mcp",
			);
			name = "Embed openagc-mcp";
			outputFileListPaths = (
			);
			outputPaths = (
				"$(TARGET_BUILD_DIR)/$(EXECUTABLE_FOLDER_PATH)/openagc-mcp",
			);
			runOnlyForDeploymentPostprocessing = 0;
			shellPath = /bin/sh;
			shellScript = "install -m 0755 \"$SRCROOT/../build/core/bin/openagc-mcp\" \"$TARGET_BUILD_DIR/$EXECUTABLE_FOLDER_PATH/openagc-mcp\"\n";
		};
/* End PBXShellScriptBuildPhase section */

/* Begin PBXSourcesBuildPhase section */
		9CE8100CFF90A76D9F06FDA8 /* Sources */ = {
			isa = PBXSourcesBuildPhase;
			buildActionMask = 2147483647;
			files = (
				6F0DEB707ABBB25DA5066D0D /* openagc_core.swift in Sources */,
			);
			runOnlyForDeploymentPostprocessing = 0;
		};
		A0F25CA2E57E9092748E4C46 /* Sources */ = {
			isa = PBXSourcesBuildPhase;
			buildActionMask = 2147483647;
			files = (
				575CCF37632BC837AF045863 /* AccountAvatarTests.swift in Sources */,
				5B0A5DCF9D0FD3FD98546742 /* AccountSwitchTests.swift in Sources */,
				8AE4FC81B09805EFF46AE738 /* ActionTests.swift in Sources */,
				B0F9127F48B25962A0D3E324 /* AgentFFITests.swift in Sources */,
				B2F035E69CB0D6421F8A763E /* AgentPanelTests.swift in Sources */,
				72B799A4785C73464A0783BC /* AgentSettingsTests.swift in Sources */,
				216E07D01A157F0BCAAB350D /* AgentSuggestionTests.swift in Sources */,
				B453F38BECAF82D76E2FE0BF /* AppModelTests.swift in Sources */,
				4BDBFCA9AB0E6E20DC8E6EA0 /* AppShellTests.swift in Sources */,
				9EA6082C5120AB0A63AA34E5 /* ArchiveAccountTests.swift in Sources */,
				4BBB2B43CEEF1AFA6C20B2D3 /* AttachmentTests.swift in Sources */,
				41F36E445C76099104FF1BD8 /* CategoryTabTests.swift in Sources */,
				7ADB97840B40A1C13F3A9D87 /* ComposerAssistantTests.swift in Sources */,
				169E901DDE62D2B0DE7DEF3F /* ComposerTests.swift in Sources */,
				1970C5710634017B9B3E926B /* CoreClientTests.swift in Sources */,
				F55DCE790C44258F12C510F2 /* CoreEventTests.swift in Sources */,
				086E815909ECAC5832721F96 /* DesignTests.swift in Sources */,
				85A5FF7E4C75ADA9A10AF03E /* GuideTests.swift in Sources */,
				9CC3AECF8DB746BF967161B7 /* KeychainTests.swift in Sources */,
				366FA0C92B6526C208B62372 /* LabelPickerTests.swift in Sources */,
				91D20775BFA386637A3B30D4 /* LabelTreeTests.swift in Sources */,
				77B3B3168E8CB3B3135A1612 /* ListFilterTests.swift in Sources */,
				24C211EEAB25BC61A3BB4F70 /* MailReadTests.swift in Sources */,
				9975C69AAFFCD9AD909C4275 /* MenuTests.swift in Sources */,
				936F90444AC202FD05E01DE6 /* NotificationTests.swift in Sources */,
				277A64612543D96AB16DA154 /* OnboardingTests.swift in Sources */,
				319185B7856E5D37CAB6C52A /* PerformanceTests.swift in Sources */,
				0665BDF0CA8EA8B79ED06F61 /* ReaderTests.swift in Sources */,
				4CE51440690817A4081731E3 /* RoutineTests.swift in Sources */,
				AB0A75C26EE77D8683A01474 /* SearchTests.swift in Sources */,
				22FED86B0464F6B629120D6E /* SidebarTreeTests.swift in Sources */,
				1CFC767DC485D2BD803BE144 /* SyncDebuggerTests.swift in Sources */,
				4DE6F7DDC3EC6F1659BF67C9 /* TaskTests.swift in Sources */,
				FBFD391BAE682DCFE3699329 /* ThreadWindowTests.swift in Sources */,
				3B54B418F1F02F8184CDE2B6 /* TipTests.swift in Sources */,
				DDDC17F9FCF6F1E7462D3B7D /* UndoTests.swift in Sources */,
				D9D7C636BB9415D3857A891E /* UpdaterTests.swift in Sources */,
			);
			runOnlyForDeploymentPostprocessing = 0;
		};
		E7B11FE5522E11BD255456FF /* Sources */ = {
			isa = PBXSourcesBuildPhase;
			buildActionMask = 2147483647;
			files = (
				9B11BCAE65ABE713E3F20AC7 /* AccountAvatar.swift in Sources */,
				A63769C5AD66664F34653DEE /* AccountMenu.swift in Sources */,
				E84BD27D7D2BF39707A7E276 /* AccountSettings.swift in Sources */,
				5DAD4D28F079583BBC9786C5 /* AgentActivity.swift in Sources */,
				CF4F91CC076301CA21FE2C86 /* AgentPanel.swift in Sources */,
				70D4EC96D9BC0BC67EAE0885 /* AgentSettings.swift in Sources */,
				CB74E21E4FDF9E9140826A70 /* AgentStore.swift in Sources */,
				2D0D0324CD5B8C0B57B55A0D /* AgentSuggestions.swift in Sources */,
				B739287D44855F0E839EDAB4 /* AppDelegate.swift in Sources */,
				5B46B10F9F1F0A62C90200A2 /* AppModel+Guide.swift in Sources */,
				6ACB449680E2C76A02262484 /* AppModel+Tasks.swift in Sources */,
				5983A19ACD9796ACFA5E19D5 /* AppModel.swift in Sources */,
				A64492AC04FB122343BA17D2 /* AttachmentStrip.swift in Sources */,
				DF53A7536F3E679277D3C187 /* BulkTaskSheet.swift in Sources */,
				FCED07E1E5873247C4857005 /* ChangeGuideSheet.swift in Sources */,
				403EB3F17C39C0781B552172 /* Components.swift in Sources */,
				16A834C86559A500A03CD574 /* ComposerAssistant.swift in Sources */,
				19B0A731E8F5C40EA437828C /* ComposerHTML.swift in Sources */,
				A183D5AC94021A65ABDCCBDD /* ComposerStore.swift in Sources */,
				F270849A448CA16CDC060789 /* ComposerThreadPane.swift in Sources */,
				69662C039B9C1E122F754EDE /* ComposerView.swift in Sources */,
				36A454FB046BB704125EF7F3 /* CoreClient.swift in Sources */,
				16F271E116BA5AD078A38B81 /* DraftClient.swift in Sources */,
				128E02DDE73BAE2DEF77E3DF /* DueDay.swift in Sources */,
				710081AB6EAF380590EA91BF /* EmailDocument.swift in Sources */,
				3383C90F028074A9FDD81433 /* GoogleClientConfiguration.swift in Sources */,
				DA5FB6BABA7700BB5A21EFA0 /* GuideAudiences.swift in Sources */,
				F65AA400F8604C8278AAF409 /* GuideDecisionsView.swift in Sources */,
				E991FF75DB10C51B9C0451D9 /* GuideDetailView.swift in Sources */,
				DC0A64AF7A98D3161548C79D /* GuideEntryEditor.swift in Sources */,
				3B95337114DDC3417F4D4D5D /* GuideInterview.swift in Sources */,
				AD27EE50163E92CA36ED0A73 /* GuidePrompt.swift in Sources */,
				811777EA688C118B1FB1A60D /* GuideStore.swift in Sources */,
				9FFC9C25E00FF8B822E44CB9 /* GuideView.swift in Sources */,
				6FD0B155169950868B0E2D83 /* ImportMailbox.swift in Sources */,
				6970CB34DB11FB6191DDD395 /* InboxCategories.swift in Sources */,
				CEF57777D11FBA73B69E0328 /* InterviewSheet.swift in Sources */,
				E44E3F9A96EE57A2B8F018CF /* KeyboardShortcuts.swift in Sources */,
				3CFA63FC5E129133E7001146 /* KeychainSecretStore.swift in Sources */,
				D8B9D29E5D5F15BCAF819FB9 /* LabelPicker.swift in Sources */,
				79D089313B823566456CDFBD /* LabelTree.swift in Sources */,
				A64A7763E4FB1E04B0DDBB85 /* LearnSheet.swift in Sources */,
				73F5C2F69C703EED929AAA94 /* LinkSafety.swift in Sources */,
				FD569EAFC3413B0FA5121710 /* ListFilter.swift in Sources */,
				B79B36EDE217EE06866A9F40 /* MailUndo.swift in Sources */,
				C9F5E1202A2849397390D3AC /* MailboxStore.swift in Sources */,
				DD32FB186EAB5F8A98110A01 /* MainWindow.swift in Sources */,
				3C19900E173BC0FE5EB17A0F /* MergeGuideSheet.swift in Sources */,
				F79978E7E6CDFE26B5F9C6D8 /* MessageToolbar.swift in Sources */,
				020FC5F4D626FA3D9FEC35D0 /* MessageWebView.swift in Sources */,
				4FF62FFF28E05444455223CB /* NewMailNotifier.swift in Sources */,
				691D6124014BCD1F910B8B27 /* OnboardingView.swift in Sources */,
				751F75594BDFE0DB89944569 /* OpenAGCApp.swift in Sources */,
				F1C67B7F56BB5793575AA7DB /* ReaderStore.swift in Sources */,
				A469FDD2983D0CFA9FBD5AB6 /* RecipientField.swift in Sources */,
				DB3DC4EECF705D9820BC3B1E /* RichTextEditor.swift in Sources */,
				AC828BE403824E10996A8DC8 /* RoutineModel.swift in Sources */,
				E6C0C4D4E44A1BE9838F0FB8 /* RoutinesStore.swift in Sources */,
				3D209E9A5161913A2BFD1C6A /* RoutinesWindow.swift in Sources */,
				0C3A1E2BB1395CFE3826E5C0 /* SchemeHandlers.swift in Sources */,
				116A2EC55EB66E0F8E5ACCF0 /* SettingsView.swift in Sources */,
				1EE4D994E6332B9D2D7B1772 /* SidebarView.swift in Sources */,
				290545266B859DE81481C714 /* Snapshot.swift in Sources */,
				7E970B4006C6E0C0A357D7F9 /* Surfaces.swift in Sources */,
				3157AC86805032982564725B /* SyncDebuggerView.swift in Sources */,
				E65B21770ED2B172D35054C7 /* SyncStatusView.swift in Sources */,
				D6E08EA9EAAE6A740E84FB05 /* TaskDialog.swift in Sources */,
				2E16834C01A31E6C6CB6D4BE /* TaskDoneDialog.swift in Sources */,
				9AFD2006E7CC41E471932A6F /* TaskListStore.swift in Sources */,
				A4A20FA8D51236C1AD565F6D /* TaskListView.swift in Sources */,
				AD2C4E55FC6F0A17CCD71C7C /* TaskSettings.swift in Sources */,
				609C5D3ADC22861BD5BD958E /* TaskSuggester.swift in Sources */,
				D9974F0610B1100DD537D0A5 /* ThreadListStore.swift in Sources */,
				B46DC7164B626E812E646EDE /* ThreadListView.swift in Sources */,
				A67D0A6156AB71A08D7ABBAC /* ThreadReaderView.swift in Sources */,
				CC89EB36D485FE29C268F72A /* ThreadRowView.swift in Sources */,
				09E1222C5F71DD1FAD0411C8 /* ThreadWindow.swift in Sources */,
				52C50FA74D030254CC4286C7 /* Tips.swift in Sources */,
				4203D60C0EB77CC6D7DEF253 /* Tokens.swift in Sources */,
				01E26AB1CB793D384B5C7300 /* UndoNoticeView.swift in Sources */,
				4B30B25AE957C2C75F0AC0FE /* Updater.swift in Sources */,
			);
			runOnlyForDeploymentPostprocessing = 0;
		};
/* End PBXSourcesBuildPhase section */

/* Begin PBXTargetDependency section */
		1BC7AE213876A3DFCE0C750E /* PBXTargetDependency */ = {
			isa = PBXTargetDependency;
			target = FC08343BF71E222A44041679 /* OpenAGCCore */;
			targetProxy = D2A0BA09A79B75550A4D007A /* PBXContainerItemProxy */;
		};
		61E1A5BCA6FF55C6712D7372 /* PBXTargetDependency */ = {
			isa = PBXTargetDependency;
			target = 982F5821420F29993571F6A2 /* OpenAGC */;
			targetProxy = FAD17EA64C72CD5EDF1ACFA2 /* PBXContainerItemProxy */;
		};
/* End PBXTargetDependency section */

/* Begin XCBuildConfiguration section */
		05FAFFEA25A5CCAA15674F25 /* Debug */ = {
			isa = XCBuildConfiguration;
			baseConfigurationReference = DDF3E6C6A8B1311B3DFB3A14 /* Local.xcconfig */;
			buildSettings = {
				BUNDLE_LOADER = "$(TEST_HOST)";
				COMBINE_HIDPI_IMAGES = YES;
				GENERATE_INFOPLIST_FILE = YES;
				LD_RUNPATH_SEARCH_PATHS = (
					"$(inherited)",
					"@executable_path/../Frameworks",
					"@loader_path/../Frameworks",
				);
				PRODUCT_BUNDLE_IDENTIFIER = ai.actual.openagc.tests;
				SDKROOT = macosx;
				TEST_HOST = "$(BUILT_PRODUCTS_DIR)/OpenAGC.app/Contents/MacOS/OpenAGC";
			};
			name = Debug;
		};
		108EBEE9822B2F72BAC34856 /* Release */ = {
			isa = XCBuildConfiguration;
			buildSettings = {
				ALWAYS_SEARCH_USER_PATHS = NO;
				ARCHS = arm64;
				CLANG_ANALYZER_NONNULL = YES;
				CLANG_ANALYZER_NUMBER_OBJECT_CONVERSION = YES_AGGRESSIVE;
				CLANG_CXX_LANGUAGE_STANDARD = "gnu++14";
				CLANG_CXX_LIBRARY = "libc++";
				CLANG_ENABLE_MODULES = YES;
				CLANG_ENABLE_OBJC_ARC = YES;
				CLANG_ENABLE_OBJC_WEAK = YES;
				CLANG_WARN_BLOCK_CAPTURE_AUTORELEASING = YES;
				CLANG_WARN_BOOL_CONVERSION = YES;
				CLANG_WARN_COMMA = YES;
				CLANG_WARN_CONSTANT_CONVERSION = YES;
				CLANG_WARN_DEPRECATED_OBJC_IMPLEMENTATIONS = YES;
				CLANG_WARN_DIRECT_OBJC_ISA_USAGE = YES_ERROR;
				CLANG_WARN_DOCUMENTATION_COMMENTS = YES;
				CLANG_WARN_EMPTY_BODY = YES;
				CLANG_WARN_ENUM_CONVERSION = YES;
				CLANG_WARN_INFINITE_RECURSION = YES;
				CLANG_WARN_INT_CONVERSION = YES;
				CLANG_WARN_NON_LITERAL_NULL_CONVERSION = YES;
				CLANG_WARN_OBJC_IMPLICIT_RETAIN_SELF = YES;
				CLANG_WARN_OBJC_LITERAL_CONVERSION = YES;
				CLANG_WARN_OBJC_ROOT_CLASS = YES_ERROR;
				CLANG_WARN_QUOTED_INCLUDE_IN_FRAMEWORK_HEADER = YES;
				CLANG_WARN_RANGE_LOOP_ANALYSIS = YES;
				CLANG_WARN_STRICT_PROTOTYPES = YES;
				CLANG_WARN_SUSPICIOUS_MOVE = YES;
				CLANG_WARN_UNGUARDED_AVAILABILITY = YES_AGGRESSIVE;
				CLANG_WARN_UNREACHABLE_CODE = YES;
				CLANG_WARN__DUPLICATE_METHOD_MATCH = YES;
				CODE_SIGN_IDENTITY = "-";
				CODE_SIGN_STYLE = Manual;
				COPY_PHASE_STRIP = NO;
				CURRENT_PROJECT_VERSION = 1;
				DEAD_CODE_STRIPPING = YES;
				DEBUG_INFORMATION_FORMAT = "dwarf-with-dsym";
				DEVELOPMENT_TEAM = "";
				ENABLE_NS_ASSERTIONS = NO;
				ENABLE_STRICT_OBJC_MSGSEND = YES;
				ENABLE_USER_SCRIPT_SANDBOXING = YES;
				GCC_C_LANGUAGE_STANDARD = gnu11;
				GCC_NO_COMMON_BLOCKS = YES;
				GCC_WARN_64_TO_32_BIT_CONVERSION = YES;
				GCC_WARN_ABOUT_RETURN_TYPE = YES_ERROR;
				GCC_WARN_UNDECLARED_SELECTOR = YES;
				GCC_WARN_UNINITIALIZED_AUTOS = YES_AGGRESSIVE;
				GCC_WARN_UNUSED_FUNCTION = YES;
				GCC_WARN_UNUSED_VARIABLE = YES;
				LIBRARY_SEARCH_PATHS = "$(SRCROOT)/../build/core/lib";
				MACOSX_DEPLOYMENT_TARGET = 26.0;
				MARKETING_VERSION = 0.1.0;
				MTL_ENABLE_DEBUG_INFO = NO;
				MTL_FAST_MATH = YES;
				OPENAGC_ENTITLEMENTS = OpenAGC/Resources/OpenAGC.entitlements;
				PRODUCT_NAME = "$(TARGET_NAME)";
				SDKROOT = macosx;
				SWIFT_APPROACHABLE_CONCURRENCY = NO;
				SWIFT_COMPILATION_MODE = wholemodule;
				SWIFT_INCLUDE_PATHS = "$(SRCROOT)/../build/core/include";
				SWIFT_OPTIMIZATION_LEVEL = "-O";
				SWIFT_STRICT_CONCURRENCY = complete;
				SWIFT_VERSION = 6.0;
			};
			name = Release;
		};
		2A2E8FBF7DE34D5C24326C4B /* Debug */ = {
			isa = XCBuildConfiguration;
			baseConfigurationReference = DDF3E6C6A8B1311B3DFB3A14 /* Local.xcconfig */;
			buildSettings = {
				COMBINE_HIDPI_IMAGES = YES;
				CURRENT_PROJECT_VERSION = 1;
				DEFINES_MODULE = YES;
				DYLIB_COMPATIBILITY_VERSION = 1;
				DYLIB_CURRENT_VERSION = 1;
				DYLIB_INSTALL_NAME_BASE = "@rpath";
				ENABLE_USER_SCRIPT_SANDBOXING = NO;
				GENERATE_INFOPLIST_FILE = YES;
				INSTALL_PATH = "$(LOCAL_LIBRARY_DIR)/Frameworks";
				LD_RUNPATH_SEARCH_PATHS = (
					"$(inherited)",
					"@executable_path/../Frameworks",
				);
				PRODUCT_BUNDLE_IDENTIFIER = ai.actual.openagc.core;
				PRODUCT_NAME = OpenAGCCore;
				SDKROOT = macosx;
				SKIP_INSTALL = YES;
				SWIFT_STRICT_CONCURRENCY = minimal;
				SWIFT_VERSION = 5.0;
				VERSIONING_SYSTEM = "apple-generic";
			};
			name = Debug;
		};
		4711ED214E311CD13C67324C /* Release */ = {
			isa = XCBuildConfiguration;
			buildSettings = {
				CODE_SIGN_IDENTITY = "";
				COMBINE_HIDPI_IMAGES = YES;
				CURRENT_PROJECT_VERSION = 1;
				DEFINES_MODULE = YES;
				DYLIB_COMPATIBILITY_VERSION = 1;
				DYLIB_CURRENT_VERSION = 1;
				DYLIB_INSTALL_NAME_BASE = "@rpath";
				ENABLE_USER_SCRIPT_SANDBOXING = NO;
				GENERATE_INFOPLIST_FILE = YES;
				INSTALL_PATH = "$(LOCAL_LIBRARY_DIR)/Frameworks";
				LD_RUNPATH_SEARCH_PATHS = (
					"$(inherited)",
					"@executable_path/../Frameworks",
				);
				PRODUCT_BUNDLE_IDENTIFIER = ai.actual.openagc.core;
				PRODUCT_NAME = OpenAGCCore;
				SDKROOT = macosx;
				SKIP_INSTALL = YES;
				SWIFT_STRICT_CONCURRENCY = minimal;
				SWIFT_VERSION = 5.0;
				VERSIONING_SYSTEM = "apple-generic";
			};
			name = Release;
		};
		50BA9AE350610950544A919E /* Release */ = {
			isa = XCBuildConfiguration;
			buildSettings = {
				ASSETCATALOG_COMPILER_APPICON_NAME = AppIcon;
				CODE_SIGN_ENTITLEMENTS = "$(OPENAGC_ENTITLEMENTS)";
				COMBINE_HIDPI_IMAGES = YES;
				ENABLE_HARDENED_RUNTIME = YES;
				GENERATE_INFOPLIST_FILE = YES;
				INFOPLIST_FILE = OpenAGC/Resources/Info.plist;
				INFOPLIST_KEY_CFBundleDisplayName = OpenAGC;
				INFOPLIST_KEY_LSApplicationCategoryType = "public.app-category.productivity";
				INFOPLIST_KEY_NSHumanReadableCopyright = "Copyright © 2026 Actual AI and the OpenAGC contributors. MIT License.";
				LD_RUNPATH_SEARCH_PATHS = (
					"$(inherited)",
					"@executable_path/../Frameworks",
				);
				OTHER_LDFLAGS = "-lopenagc_core";
				PRODUCT_BUNDLE_IDENTIFIER = ai.actual.openagc;
				PRODUCT_NAME = OpenAGC;
				SDKROOT = macosx;
			};
			name = Release;
		};
		5A55700A1C3D403F3BA2346B /* Debug */ = {
			isa = XCBuildConfiguration;
			buildSettings = {
				ALWAYS_SEARCH_USER_PATHS = NO;
				ARCHS = arm64;
				CLANG_ANALYZER_NONNULL = YES;
				CLANG_ANALYZER_NUMBER_OBJECT_CONVERSION = YES_AGGRESSIVE;
				CLANG_CXX_LANGUAGE_STANDARD = "gnu++14";
				CLANG_CXX_LIBRARY = "libc++";
				CLANG_ENABLE_MODULES = YES;
				CLANG_ENABLE_OBJC_ARC = YES;
				CLANG_ENABLE_OBJC_WEAK = YES;
				CLANG_WARN_BLOCK_CAPTURE_AUTORELEASING = YES;
				CLANG_WARN_BOOL_CONVERSION = YES;
				CLANG_WARN_COMMA = YES;
				CLANG_WARN_CONSTANT_CONVERSION = YES;
				CLANG_WARN_DEPRECATED_OBJC_IMPLEMENTATIONS = YES;
				CLANG_WARN_DIRECT_OBJC_ISA_USAGE = YES_ERROR;
				CLANG_WARN_DOCUMENTATION_COMMENTS = YES;
				CLANG_WARN_EMPTY_BODY = YES;
				CLANG_WARN_ENUM_CONVERSION = YES;
				CLANG_WARN_INFINITE_RECURSION = YES;
				CLANG_WARN_INT_CONVERSION = YES;
				CLANG_WARN_NON_LITERAL_NULL_CONVERSION = YES;
				CLANG_WARN_OBJC_IMPLICIT_RETAIN_SELF = YES;
				CLANG_WARN_OBJC_LITERAL_CONVERSION = YES;
				CLANG_WARN_OBJC_ROOT_CLASS = YES_ERROR;
				CLANG_WARN_QUOTED_INCLUDE_IN_FRAMEWORK_HEADER = YES;
				CLANG_WARN_RANGE_LOOP_ANALYSIS = YES;
				CLANG_WARN_STRICT_PROTOTYPES = YES;
				CLANG_WARN_SUSPICIOUS_MOVE = YES;
				CLANG_WARN_UNGUARDED_AVAILABILITY = YES_AGGRESSIVE;
				CLANG_WARN_UNREACHABLE_CODE = YES;
				CLANG_WARN__DUPLICATE_METHOD_MATCH = YES;
				CODE_SIGN_IDENTITY = "-";
				CODE_SIGN_STYLE = Manual;
				COPY_PHASE_STRIP = NO;
				CURRENT_PROJECT_VERSION = 1;
				DEAD_CODE_STRIPPING = YES;
				DEBUG_INFORMATION_FORMAT = dwarf;
				DEVELOPMENT_TEAM = "";
				ENABLE_STRICT_OBJC_MSGSEND = YES;
				ENABLE_TESTABILITY = YES;
				ENABLE_USER_SCRIPT_SANDBOXING = YES;
				GCC_C_LANGUAGE_STANDARD = gnu11;
				GCC_DYNAMIC_NO_PIC = NO;
				GCC_NO_COMMON_BLOCKS = YES;
				GCC_OPTIMIZATION_LEVEL = 0;
				GCC_PREPROCESSOR_DEFINITIONS = (
					"$(inherited)",
					"DEBUG=1",
				);
				GCC_WARN_64_TO_32_BIT_CONVERSION = YES;
				GCC_WARN_ABOUT_RETURN_TYPE = YES_ERROR;
				GCC_WARN_UNDECLARED_SELECTOR = YES;
				GCC_WARN_UNINITIALIZED_AUTOS = YES_AGGRESSIVE;
				GCC_WARN_UNUSED_FUNCTION = YES;
				GCC_WARN_UNUSED_VARIABLE = YES;
				LIBRARY_SEARCH_PATHS = "$(SRCROOT)/../build/core/lib";
				MACOSX_DEPLOYMENT_TARGET = 26.0;
				MARKETING_VERSION = 0.1.0;
				MTL_ENABLE_DEBUG_INFO = INCLUDE_SOURCE;
				MTL_FAST_MATH = YES;
				ONLY_ACTIVE_ARCH = YES;
				OPENAGC_ENTITLEMENTS = OpenAGC/Resources/OpenAGC.entitlements;
				PRODUCT_NAME = "$(TARGET_NAME)";
				SDKROOT = macosx;
				SWIFT_ACTIVE_COMPILATION_CONDITIONS = DEBUG;
				SWIFT_APPROACHABLE_CONCURRENCY = NO;
				SWIFT_INCLUDE_PATHS = "$(SRCROOT)/../build/core/include";
				SWIFT_OPTIMIZATION_LEVEL = "-Onone";
				SWIFT_STRICT_CONCURRENCY = complete;
				SWIFT_VERSION = 6.0;
			};
			name = Debug;
		};
		9514379046B5350B4AAA1309 /* Release */ = {
			isa = XCBuildConfiguration;
			buildSettings = {
				BUNDLE_LOADER = "$(TEST_HOST)";
				COMBINE_HIDPI_IMAGES = YES;
				GENERATE_INFOPLIST_FILE = YES;
				LD_RUNPATH_SEARCH_PATHS = (
					"$(inherited)",
					"@executable_path/../Frameworks",
					"@loader_path/../Frameworks",
				);
				PRODUCT_BUNDLE_IDENTIFIER = ai.actual.openagc.tests;
				SDKROOT = macosx;
				TEST_HOST = "$(BUILT_PRODUCTS_DIR)/OpenAGC.app/Contents/MacOS/OpenAGC";
			};
			name = Release;
		};
		FAF7D92B66EC68F7FF8C4462 /* Debug */ = {
			isa = XCBuildConfiguration;
			baseConfigurationReference = DDF3E6C6A8B1311B3DFB3A14 /* Local.xcconfig */;
			buildSettings = {
				ASSETCATALOG_COMPILER_APPICON_NAME = AppIcon;
				CODE_SIGN_ENTITLEMENTS = "$(OPENAGC_ENTITLEMENTS)";
				COMBINE_HIDPI_IMAGES = YES;
				ENABLE_HARDENED_RUNTIME = YES;
				GENERATE_INFOPLIST_FILE = YES;
				INFOPLIST_FILE = OpenAGC/Resources/Info.plist;
				INFOPLIST_KEY_CFBundleDisplayName = OpenAGC;
				INFOPLIST_KEY_LSApplicationCategoryType = "public.app-category.productivity";
				INFOPLIST_KEY_NSHumanReadableCopyright = "Copyright © 2026 Actual AI and the OpenAGC contributors. MIT License.";
				LD_RUNPATH_SEARCH_PATHS = (
					"$(inherited)",
					"@executable_path/../Frameworks",
				);
				OTHER_LDFLAGS = "-lopenagc_core";
				PRODUCT_BUNDLE_IDENTIFIER = ai.actual.openagc;
				PRODUCT_NAME = OpenAGC;
				SDKROOT = macosx;
			};
			name = Debug;
		};
/* End XCBuildConfiguration section */

/* Begin XCConfigurationList section */
		04943046DB95894355B96720 /* Build configuration list for PBXNativeTarget "OpenAGCCore" */ = {
			isa = XCConfigurationList;
			buildConfigurations = (
				2A2E8FBF7DE34D5C24326C4B /* Debug */,
				4711ED214E311CD13C67324C /* Release */,
			);
			defaultConfigurationIsVisible = 0;
			defaultConfigurationName = Debug;
		};
		94A46F5E7765F2768EAE7307 /* Build configuration list for PBXNativeTarget "OpenAGC" */ = {
			isa = XCConfigurationList;
			buildConfigurations = (
				FAF7D92B66EC68F7FF8C4462 /* Debug */,
				50BA9AE350610950544A919E /* Release */,
			);
			defaultConfigurationIsVisible = 0;
			defaultConfigurationName = Debug;
		};
		B01404E026D789ACE328092E /* Build configuration list for PBXNativeTarget "OpenAGCTests" */ = {
			isa = XCConfigurationList;
			buildConfigurations = (
				05FAFFEA25A5CCAA15674F25 /* Debug */,
				9514379046B5350B4AAA1309 /* Release */,
			);
			defaultConfigurationIsVisible = 0;
			defaultConfigurationName = Debug;
		};
		F8443F61A3A3C42F00C81DD0 /* Build configuration list for PBXProject "OpenAGC" */ = {
			isa = XCConfigurationList;
			buildConfigurations = (
				5A55700A1C3D403F3BA2346B /* Debug */,
				108EBEE9822B2F72BAC34856 /* Release */,
			);
			defaultConfigurationIsVisible = 0;
			defaultConfigurationName = Debug;
		};
/* End XCConfigurationList section */

/* Begin XCRemoteSwiftPackageReference section */
		857B33307D564E23399C3F43 /* XCRemoteSwiftPackageReference "Sparkle" */ = {
			isa = XCRemoteSwiftPackageReference;
			repositoryURL = "https://github.com/sparkle-project/Sparkle";
			requirement = {
				kind = revision;
				revision = eef1a539a373c1f1a320624b1130fc5de7b2e100;
			};
		};
/* End XCRemoteSwiftPackageReference section */

/* Begin XCSwiftPackageProductDependency section */
		2EC399F550012292CEA80ACA /* Sparkle */ = {
			isa = XCSwiftPackageProductDependency;
			package = 857B33307D564E23399C3F43 /* XCRemoteSwiftPackageReference "Sparkle" */;
			productName = Sparkle;
		};
/* End XCSwiftPackageProductDependency section */
	};
	rootObject = 74D97FBC20E6E452C2351EE4 /* Project object */;
}
